# This file is generated by running "yarn install" inside your project.
# Manual changes might be lost - proceed with caution!

__metadata:
  version: 9
  cacheKey: 10c0

"@alloc/quick-lru@npm:^5.2.0":
  version: 5.2.0
  resolution: "@alloc/quick-lru@npm:5.2.0"
  checksum: 10c0/7b878c48b9d25277d0e1a9b8b2f2312a314af806b4129dc902f2bc29ab09b58236e53964689feec187b28c80d2203aff03829754773a707a8a5987f1b7682d92
  languageName: node
  linkType: hard

"@babel/helper-string-parser@npm:^7.27.1":
  version: 7.27.1
  resolution: "@babel/helper-string-parser@npm:7.27.1"
  checksum: 10c0/8bda3448e07b5583727c103560bcf9c4c24b3c1051a4c516d4050ef69df37bb9a4734a585fe12725b8c2763de0a265aa1e909b485a4e3270b7cfd3e4dbe4b602
  languageName: node
  linkType: hard

"@babel/helper-validator-identifier@npm:^7.28.5":
  version: 7.28.5
  resolution: "@babel/helper-validator-identifier@npm:7.28.5"
  checksum: 10c0/42aaebed91f739a41f3d80b72752d1f95fd7c72394e8e4bd7cdd88817e0774d80a432451bcba17c2c642c257c483bf1d409dd4548883429ea9493a3bc4ab0847
  languageName: node
  linkType: hard

"@babel/types@npm:^7.26.0":
  version: 7.29.0
  resolution: "@babel/types@npm:7.29.0"
  dependencies:
    "@babel/helper-string-parser": "npm:^7.27.1"
    "@babel/helper-validator-identifier": "npm:^7.28.5"
  checksum: 10c0/23cc3466e83bcbfab8b9bd0edaafdb5d4efdb88b82b3be6728bbade5ba2f0996f84f63b1c5f7a8c0d67efded28300898a5f930b171bb40b311bca2029c4e9b4f
  languageName: node
  linkType: hard

"@biomejs/biome@npm:2.4.15":
  version: 2.4.15
  resolution: "@biomejs/biome@npm:2.4.15"
  dependencies:
    "@biomejs/cli-darwin-arm64": "npm:2.4.15"
    "@biomejs/cli-darwin-x64": "npm:2.4.15"
    "@biomejs/cli-linux-arm64": "npm:2.4.15"
    "@biomejs/cli-linux-arm64-musl": "npm:2.4.15"
    "@biomejs/cli-linux-x64": "npm:2.4.15"
    "@biomejs/cli-linux-x64-musl": "npm:2.4.15"
    "@biomejs/cli-win32-arm64": "npm:2.4.15"
    "@biomejs/cli-win32-x64": "npm:2.4.15"
  dependenciesMeta:
    "@biomejs/cli-darwin-arm64":
      optional: true
    "@biomejs/cli-darwin-x64":
      optional: true
    "@biomejs/cli-linux-arm64":
      optional: true
    "@biomejs/cli-linux-arm64-musl":
      optional: true
    "@biomejs/cli-linux-x64":
      optional: true
    "@biomejs/cli-linux-x64-musl":
      optional: true
    "@biomejs/cli-win32-arm64":
      optional: true
    "@biomejs/cli-win32-x64":
      optional: true
  bin:
    biome: bin/biome
  checksum: 10c0/46ac114b97f00e5fe0d22590337c80c7a2467d2aabf57d7f99b92356fd01cf76bb7d972782508e0f51c34e08a1a7f8e9eefec6fe72aa7b5f53b9161b7fe582e2
  languageName: node
  linkType: hard

"@biomejs/cli-darwin-arm64@npm:2.4.15":
  version: 2.4.15
  resolution: "@biomejs/cli-darwin-arm64@npm:2.4.15"
  conditions: os=darwin & cpu=arm64
  languageName: node
  linkType: hard

"@biomejs/cli-darwin-x64@npm:2.4.15":
  version: 2.4.15
  resolution: "@biomejs/cli-darwin-x64@npm:2.4.15"
  conditions: os=darwin & cpu=x64
  languageName: node
  linkType: hard

"@biomejs/cli-linux-arm64-musl@npm:2.4.15":
  version: 2.4.15
  resolution: "@biomejs/cli-linux-arm64-musl@npm:2.4.15"
  conditions: os=linux & cpu=arm64 & libc=musl
  languageName: node
  linkType: hard

"@biomejs/cli-linux-arm64@npm:2.4.15":
  version: 2.4.15
  resolution: "@biomejs/cli-linux-arm64@npm:2.4.15"
  conditions: os=linux & cpu=arm64 & libc=glibc
  languageName: node
  linkType: hard

"@biomejs/cli-linux-x64-musl@npm:2.4.15":
  version: 2.4.15
  resolution: "@biomejs/cli-linux-x64-musl@npm:2.4.15"
  conditions: os=linux & cpu=x64 & libc=musl
  languageName: node
  linkType: hard

"@biomejs/cli-linux-x64@npm:2.4.15":
  version: 2.4.15
  resolution: "@biomejs/cli-linux-x64@npm:2.4.15"
  conditions: os=linux & cpu=x64 & libc=glibc
  languageName: node
  linkType: hard

"@biomejs/cli-win32-arm64@npm:2.4.15":
  version: 2.4.15
  resolution: "@biomejs/cli-win32-arm64@npm:2.4.15"
  conditions: os=win32 & cpu=arm64
  languageName: node
  linkType: hard

"@biomejs/cli-win32-x64@npm:2.4.15":
  version: 2.4.15
  resolution: "@biomejs/cli-win32-x64@npm:2.4.15"
  conditions: os=win32 & cpu=x64
  languageName: node
  linkType: hard

"@emnapi/core@npm:^1.10.0":
  version: 1.10.0
  resolution: "@emnapi/core@npm:1.10.0"
  dependencies:
    "@emnapi/wasi-threads": "npm:1.2.1"
    tslib: "npm:^2.4.0"
  checksum: 10c0/f51d08227857b60632de7714d708124f0e100a1462dde6df8221760939aa3204a73193830371830fac0716f3ccd2129f2cac1b17cd7d7958bc4da9018a296edb
  languageName: node
  linkType: hard

"@emnapi/runtime@npm:^1.10.0, @emnapi/runtime@npm:^1.7.0":
  version: 1.10.0
  resolution: "@emnapi/runtime@npm:1.10.0"
  dependencies:
    tslib: "npm:^2.4.0"
  checksum: 10c0/953f14991d1aefb92ee6f8eb27dea725e484791a53a0cb5f47d9e0087b9a2c929ff2e92adf95af15d6ad456db6300c6b761ebf72b50a875b874a83520b3ba093
  languageName: node
  linkType: hard

"@emnapi/wasi-threads@npm:1.2.1, @emnapi/wasi-threads@npm:^1.2.1":
  version: 1.2.1
  resolution: "@emnapi/wasi-threads@npm:1.2.1"
  dependencies:
    tslib: "npm:^2.4.0"
  checksum: 10c0/32fcfa81ab396533b2ec1f4082b1ff779a05d9c836bbbd3f4398405b0e6814c0d9503b7993130e37bc6941dbc1ded49f55e9700ae9ca4e803bab2b5bc5deb331
  languageName: node
  linkType: hard

"@img/colour@npm:^1.0.0":
  version: 1.1.0
  resolution: "@img/colour@npm:1.1.0"
  checksum: 10c0/2ebea2c0bbaee73b99badcefa04e1e71d83f36e5369337d3121dca841f4569533c4e2faddda6d62dd247f0d5cca143711f9446c59bcce81e427ba433a7a94a17
  languageName: node
  linkType: hard

"@img/sharp-darwin-arm64@npm:0.34.5":
  version: 0.34.5
  resolution: "@img/sharp-darwin-arm64@npm:0.34.5"
  dependencies:
    "@img/sharp-libvips-darwin-arm64": "npm:1.2.4"
  dependenciesMeta:
    "@img/sharp-libvips-darwin-arm64":
      optional: true
  conditions: os=darwin & cpu=arm64
  languageName: node
  linkType: hard

"@img/sharp-darwin-x64@npm:0.34.5":
  version: 0.34.5
  resolution: "@img/sharp-darwin-x64@npm:0.34.5"
  dependencies:
    "@img/sharp-libvips-darwin-x64": "npm:1.2.4"
  dependenciesMeta:
    "@img/sharp-libvips-darwin-x64":
      optional: true
  conditions: os=darwin & cpu=x64
  languageName: node
  linkType: hard

"@img/sharp-libvips-darwin-arm64@npm:1.2.4":
  version: 1.2.4
  resolution: "@img/sharp-libvips-darwin-arm64@npm:1.2.4"
  conditions: os=darwin & cpu=arm64
  languageName: node
  linkType: hard

"@img/sharp-libvips-darwin-x64@npm:1.2.4":
  version: 1.2.4
  resolution: "@img/sharp-libvips-darwin-x64@npm:1.2.4"
  conditions: os=darwin & cpu=x64
  languageName: node
  linkType: hard

"@img/sharp-libvips-linux-arm64@npm:1.2.4":
  version: 1.2.4
  resolution: "@img/sharp-libvips-linux-arm64@npm:1.2.4"
  conditions: os=linux & cpu=arm64 & libc=glibc
  languageName: node
  linkType: hard

"@img/sharp-libvips-linux-arm@npm:1.2.4":
  version: 1.2.4
  resolution: "@img/sharp-libvips-linux-arm@npm:1.2.4"
  conditions: os=linux & cpu=arm & libc=glibc
  languageName: node
  linkType: hard

"@img/sharp-libvips-linux-ppc64@npm:1.2.4":
  version: 1.2.4
  resolution: "@img/sharp-libvips-linux-ppc64@npm:1.2.4"
  conditions: os=linux & cpu=ppc64 & libc=glibc
  languageName: node
  linkType: hard

"@img/sharp-libvips-linux-riscv64@npm:1.2.4":
  version: 1.2.4
  resolution: "@img/sharp-libvips-linux-riscv64@npm:1.2.4"
  conditions: os=linux & cpu=riscv64 & libc=glibc
  languageName: node
  linkType: hard

"@img/sharp-libvips-linux-s390x@npm:1.2.4":
  version: 1.2.4
  resolution: "@img/sharp-libvips-linux-s390x@npm:1.2.4"
  conditions: os=linux & cpu=s390x & libc=glibc
  languageName: node
  linkType: hard

"@img/sharp-libvips-linux-x64@npm:1.2.4":
  version: 1.2.4
  resolution: "@img/sharp-libvips-linux-x64@npm:1.2.4"
  conditions: os=linux & cpu=x64 & libc=glibc
  languageName: node
  linkType: hard

"@img/sharp-libvips-linuxmusl-arm64@npm:1.2.4":
  version: 1.2.4
  resolution: "@img/sharp-libvips-linuxmusl-arm64@npm:1.2.4"
  conditions: os=linux & cpu=arm64 & libc=musl
  languageName: node
  linkType: hard

"@img/sharp-libvips-linuxmusl-x64@npm:1.2.4":
  version: 1.2.4
  resolution: "@img/sharp-libvips-linuxmusl-x64@npm:1.2.4"
  conditions: os=linux & cpu=x64 & libc=musl
  languageName: node
  linkType: hard

"@img/sharp-linux-arm64@npm:0.34.5":
  version: 0.34.5
  resolution: "@img/sharp-linux-arm64@npm:0.34.5"
  dependencies:
    "@img/sharp-libvips-linux-arm64": "npm:1.2.4"
  dependenciesMeta:
    "@img/sharp-libvips-linux-arm64":
      optional: true
  conditions: os=linux & cpu=arm64 & libc=glibc
  languageName: node
  linkType: hard

"@img/sharp-linux-arm@npm:0.34.5":
  version: 0.34.5
  resolution: "@img/sharp-linux-arm@npm:0.34.5"
  dependencies:
    "@img/sharp-libvips-linux-arm": "npm:1.2.4"
  dependenciesMeta:
    "@img/sharp-libvips-linux-arm":
      optional: true
  conditions: os=linux & cpu=arm & libc=glibc
  languageName: node
  linkType: hard

"@img/sharp-linux-ppc64@npm:0.34.5":
  version: 0.34.5
  resolution: "@img/sharp-linux-ppc64@npm:0.34.5"
  dependencies:
    "@img/sharp-libvips-linux-ppc64": "npm:1.2.4"
  dependenciesMeta:
    "@img/sharp-libvips-linux-ppc64":
      optional: true
  conditions: os=linux & cpu=ppc64 & libc=glibc
  languageName: node
  linkType: hard

"@img/sharp-linux-riscv64@npm:0.34.5":
  version: 0.34.5
  resolution: "@img/sharp-linux-riscv64@npm:0.34.5"
  dependencies:
    "@img/sharp-libvips-linux-riscv64": "npm:1.2.4"
  dependenciesMeta:
    "@img/sharp-libvips-linux-riscv64":
      optional: true
  conditions: os=linux & cpu=riscv64 & libc=glibc
  languageName: node
  linkType: hard

"@img/sharp-linux-s390x@npm:0.34.5":
  version: 0.34.5
  resolution: "@img/sharp-linux-s390x@npm:0.34.5"
  dependencies:
    "@img/sharp-libvips-linux-s390x": "npm:1.2.4"
  dependenciesMeta:
    "@img/sharp-libvips-linux-s390x":
      optional: true
  conditions: os=linux & cpu=s390x & libc=glibc
  languageName: node
  linkType: hard

"@img/sharp-linux-x64@npm:0.34.5":
  version: 0.34.5
  resolution: "@img/sharp-linux-x64@npm:0.34.5"
  dependencies:
    "@img/sharp-libvips-linux-x64": "npm:1.2.4"
  dependenciesMeta:
    "@img/sharp-libvips-linux-x64":
      optional: true
  conditions: os=linux & cpu=x64 & libc=glibc
  languageName: node
  linkType: hard

"@img/sharp-linuxmusl-arm64@npm:0.34.5":
  version: 0.34.5
  resolution: "@img/sharp-linuxmusl-arm64@npm:0.34.5"
  dependencies:
    "@img/sharp-libvips-linuxmusl-arm64": "npm:1.2.4"
  dependenciesMeta:
    "@img/sharp-libvips-linuxmusl-arm64":
      optional: true
  conditions: os=linux & cpu=arm64 & libc=musl
  languageName: node
  linkType: hard

"@img/sharp-linuxmusl-x64@npm:0.34.5":
  version: 0.34.5
  resolution: "@img/sharp-linuxmusl-x64@npm:0.34.5"
  dependencies:
    "@img/sharp-libvips-linuxmusl-x64": "npm:1.2.4"
  dependenciesMeta:
    "@img/sharp-libvips-linuxmusl-x64":
      optional: true
  conditions: os=linux & cpu=x64 & libc=musl
  languageName: node
  linkType: hard

"@img/sharp-wasm32@npm:0.34.5":
  version: 0.34.5
  resolution: "@img/sharp-wasm32@npm:0.34.5"
  dependencies:
    "@emnapi/runtime": "npm:^1.7.0"
  conditions: cpu=wasm32
  languageName: node
  linkType: hard

"@img/sharp-win32-arm64@npm:0.34.5":
  version: 0.34.5
  resolution: "@img/sharp-win32-arm64@npm:0.34.5"
  conditions: os=win32 & cpu=arm64
  languageName: node
  linkType: hard

"@img/sharp-win32-ia32@npm:0.34.5":
  version: 0.34.5
  resolution: "@img/sharp-win32-ia32@npm:0.34.5"
  conditions: os=win32 & cpu=ia32
  languageName: node
  linkType: hard

"@img/sharp-win32-x64@npm:0.34.5":
  version: 0.34.5
  resolution: "@img/sharp-win32-x64@npm:0.34.5"
  conditions: os=win32 & cpu=x64
  languageName: node
  linkType: hard

"@jridgewell/gen-mapping@npm:^0.3.5":
  version: 0.3.13
  resolution: "@jridgewell/gen-mapping@npm:0.3.13"
  dependencies:
    "@jridgewell/sourcemap-codec": "npm:^1.5.0"
    "@jridgewell/trace-mapping": "npm:^0.3.24"
  checksum: 10c0/9a7d65fb13bd9aec1fbab74cda08496839b7e2ceb31f5ab922b323e94d7c481ce0fc4fd7e12e2610915ed8af51178bdc61e168e92a8c8b8303b030b03489b13b
  languageName: node
  linkType: hard

"@jridgewell/remapping@npm:^2.3.5":
  version: 2.3.5
  resolution: "@jridgewell/remapping@npm:2.3.5"
  dependencies:
    "@jridgewell/gen-mapping": "npm:^0.3.5"
    "@jridgewell/trace-mapping": "npm:^0.3.24"
  checksum: 10c0/3de494219ffeb2c5c38711d0d7bb128097edf91893090a2dbc8ee0b55d092bb7347b1fd0f478486c5eab010e855c73927b1666f2107516d472d24a73017d1194
  languageName: node
  linkType: hard

"@jridgewell/resolve-uri@npm:^3.1.0":
  version: 3.1.2
  resolution: "@jridgewell/resolve-uri@npm:3.1.2"
  checksum: 10c0/d502e6fb516b35032331406d4e962c21fe77cdf1cbdb49c6142bcbd9e30507094b18972778a6e27cbad756209cfe34b1a27729e6fa08a2eb92b33943f680cf1e
  languageName: node
  linkType: hard

"@jridgewell/sourcemap-codec@npm:^1.4.14, @jridgewell/sourcemap-codec@npm:^1.5.0, @jridgewell/sourcemap-codec@npm:^1.5.5":
  version: 1.5.5
  resolution: "@jridgewell/sourcemap-codec@npm:1.5.5"
  checksum: 10c0/f9e538f302b63c0ebc06eecb1dd9918dd4289ed36147a0ddce35d6ea4d7ebbda243cda7b2213b6a5e1d8087a298d5cf630fb2bd39329cdecb82017023f6081a0
  languageName: node
  linkType: hard

"@jridgewell/trace-mapping@npm:^0.3.24":
  version: 0.3.31
  resolution: "@jridgewell/trace-mapping@npm:0.3.31"
  dependencies:
    "@jridgewell/resolve-uri": "npm:^3.1.0"
    "@jridgewell/sourcemap-codec": "npm:^1.4.14"
  checksum: 10c0/4b30ec8cd56c5fd9a661f088230af01e0c1a3888d11ffb6b47639700f71225be21d1f7e168048d6d4f9449207b978a235c07c8f15c07705685d16dc06280e9d9
  languageName: node
  linkType: hard

"@napi-rs/wasm-runtime@npm:^1.1.4":
  version: 1.1.4
  resolution: "@napi-rs/wasm-runtime@npm:1.1.4"
  dependencies:
    "@tybys/wasm-util": "npm:^0.10.1"
  peerDependencies:
    "@emnapi/core": ^1.7.1
    "@emnapi/runtime": ^1.7.1
  checksum: 10c0/2e88e1955258949ccf2d18c79975821ad38071b465ef126a5e14110977b97868867b016c1ad046e963cccc42c0bd9db6c8ff5fd1ebb61b87bb3487f339041658
  languageName: node
  linkType: hard

"@next/env@npm:16.2.6":
  version: 16.2.6
  resolution: "@next/env@npm:16.2.6"
  checksum: 10c0/466722ce30a9561d29c08a7ba78091a47fef3644f422d04751c7124a24457ffe11eb25bb6c59c1e1d57735d9c68c58d185cc19ea58befd7a9c5b81dc05ca550d
  languageName: node
  linkType: hard

"@next/swc-darwin-arm64@npm:16.2.6":
  version: 16.2.6
  resolution: "@next/swc-darwin-arm64@npm:16.2.6"
  conditions: os=darwin & cpu=arm64
  languageName: node
  linkType: hard

"@next/swc-darwin-x64@npm:16.2.6":
  version: 16.2.6
  resolution: "@next/swc-darwin-x64@npm:16.2.6"
  conditions: os=darwin & cpu=x64
  languageName: node
  linkType: hard

"@next/swc-linux-arm64-gnu@npm:16.2.6":
  version: 16.2.6
  resolution: "@next/swc-linux-arm64-gnu@npm:16.2.6"
  conditions: os=linux & cpu=arm64 & libc=glibc
  languageName: node
  linkType: hard

"@next/swc-linux-arm64-musl@npm:16.2.6":
  version: 16.2.6
  resolution: "@next/swc-linux-arm64-musl@npm:16.2.6"
  conditions: os=linux & cpu=arm64 & libc=musl
  languageName: node
  linkType: hard

"@next/swc-linux-x64-gnu@npm:16.2.6":
  version: 16.2.6
  resolution: "@next/swc-linux-x64-gnu@npm:16.2.6"
  conditions: os=linux & cpu=x64 & libc=glibc
  languageName: node
  linkType: hard

"@next/swc-linux-x64-musl@npm:16.2.6":
  version: 16.2.6
  resolution: "@next/swc-linux-x64-musl@npm:16.2.6"
  conditions: os=linux & cpu=x64 & libc=musl
  languageName: node
  linkType: hard

"@next/swc-win32-arm64-msvc@npm:16.2.6":
  version: 16.2.6
  resolution: "@next/swc-win32-arm64-msvc@npm:16.2.6"
  conditions: os=win32 & cpu=arm64
  languageName: node
  linkType: hard

"@next/swc-win32-x64-msvc@npm:16.2.6":
  version: 16.2.6
  resolution: "@next/swc-win32-x64-msvc@npm:16.2.6"
  conditions: os=win32 & cpu=x64
  languageName: node
  linkType: hard

"@notionhq/client@npm:^5.21.0":
  version: 5.21.0
  resolution: "@notionhq/client@npm:5.21.0"
  checksum: 10c0/e0759a8674594955a9bf6f93f5ff6285faaed4f2092ef30b0092286bcde7f36e8329ebc01804c50791617d407fc6f5d1c5cf60d150f09301822569fc1b4dcad6
  languageName: node
  linkType: hard

"@swc/helpers@npm:0.5.15":
  version: 0.5.15
  resolution: "@swc/helpers@npm:0.5.15"
  dependencies:
    tslib: "npm:^2.8.0"
  checksum: 10c0/33002f74f6f885f04c132960835fdfc474186983ea567606db62e86acd0680ca82f34647e8e610f4e1e422d1c16fce729dde22cd3b797ab1fd9061a825dabca4
  languageName: node
  linkType: hard

"@tailwindcss/node@npm:4.3.0":
  version: 4.3.0
  resolution: "@tailwindcss/node@npm:4.3.0"
  dependencies:
    "@jridgewell/remapping": "npm:^2.3.5"
    enhanced-resolve: "npm:^5.21.0"
    jiti: "npm:^2.6.1"
    lightningcss: "npm:1.32.0"
    magic-string: "npm:^0.30.21"
    source-map-js: "npm:^1.2.1"
    tailwindcss: "npm:4.3.0"
  checksum: 10c0/0c8c1eb7957d2c30fff731631301dd33d74359ed659821e804421c9cec4a14c7432f8ebcfcd535ffa210a2df228b85b4d431137d2e67f0d9239934ed2769d3bc
  languageName: node
  linkType: hard

"@tailwindcss/oxide-android-arm64@npm:4.3.0":
  version: 4.3.0
  resolution: "@tailwindcss/oxide-android-arm64@npm:4.3.0"
  conditions: os=android & cpu=arm64
  languageName: node
  linkType: hard

"@tailwindcss/oxide-darwin-arm64@npm:4.3.0":
  version: 4.3.0
  resolution: "@tailwindcss/oxide-darwin-arm64@npm:4.3.0"
  conditions: os=darwin & cpu=arm64
  languageName: node
  linkType: hard

"@tailwindcss/oxide-darwin-x64@npm:4.3.0":
  version: 4.3.0
  resolution: "@tailwindcss/oxide-darwin-x64@npm:4.3.0"
  conditions: os=darwin & cpu=x64
  languageName: node
  linkType: hard

"@tailwindcss/oxide-freebsd-x64@npm:4.3.0":
  version: 4.3.0
  resolution: "@tailwindcss/oxide-freebsd-x64@npm:4.3.0"
  conditions: os=freebsd & cpu=x64
  languageName: node
  linkType: hard

"@tailwindcss/oxide-linux-arm-gnueabihf@npm:4.3.0":
  version: 4.3.0
  resolution: "@tailwindcss/oxide-linux-arm-gnueabihf@npm:4.3.0"
  conditions: os=linux & cpu=arm
  languageName: node
  linkType: hard

"@tailwindcss/oxide-linux-arm64-gnu@npm:4.3.0":
  version: 4.3.0
  resolution: "@tailwindcss/oxide-linux-arm64-gnu@npm:4.3.0"
  conditions: os=linux & cpu=arm64 & libc=glibc
  languageName: node
  linkType: hard

"@tailwindcss/oxide-linux-arm64-musl@npm:4.3.0":
  version: 4.3.0
  resolution: "@tailwindcss/oxide-linux-arm64-musl@npm:4.3.0"
  conditions: os=linux & cpu=arm64 & libc=musl
  languageName: node
  linkType: hard

"@tailwindcss/oxide-linux-x64-gnu@npm:4.3.0":
  version: 4.3.0
  resolution: "@tailwindcss/oxide-linux-x64-gnu@npm:4.3.0"
  conditions: os=linux & cpu=x64 & libc=glibc
  languageName: node
  linkType: hard

"@tailwindcss/oxide-linux-x64-musl@npm:4.3.0":
  version: 4.3.0
  resolution: "@tailwindcss/oxide-linux-x64-musl@npm:4.3.0"
  conditions: os=linux & cpu=x64 & libc=musl
  languageName: node
  linkType: hard

"@tailwindcss/oxide-wasm32-wasi@npm:4.3.0":
  version: 4.3.0
  resolution: "@tailwindcss/oxide-wasm32-wasi@npm:4.3.0"
  dependencies:
    "@emnapi/core": "npm:^1.10.0"
    "@emnapi/runtime": "npm:^1.10.0"
    "@emnapi/wasi-threads": "npm:^1.2.1"
    "@napi-rs/wasm-runtime": "npm:^1.1.4"
    "@tybys/wasm-util": "npm:^0.10.1"
    tslib: "npm:^2.8.1"
  conditions: cpu=wasm32
  languageName: node
  linkType: hard

"@tailwindcss/oxide-win32-arm64-msvc@npm:4.3.0":
  version: 4.3.0
  resolution: "@tailwindcss/oxide-win32-arm64-msvc@npm:4.3.0"
  conditions: os=win32 & cpu=arm64
  languageName: node
  linkType: hard

"@tailwindcss/oxide-win32-x64-msvc@npm:4.3.0":
  version: 4.3.0
  resolution: "@tailwindcss/oxide-win32-x64-msvc@npm:4.3.0"
  conditions: os=win32 & cpu=x64
  languageName: node
  linkType: hard

"@tailwindcss/oxide@npm:4.3.0":
  version: 4.3.0
  resolution: "@tailwindcss/oxide@npm:4.3.0"
  dependencies:
    "@tailwindcss/oxide-android-arm64": "npm:4.3.0"
    "@tailwindcss/oxide-darwin-arm64": "npm:4.3.0"
    "@tailwindcss/oxide-darwin-x64": "npm:4.3.0"
    "@tailwindcss/oxide-freebsd-x64": "npm:4.3.0"
    "@tailwindcss/oxide-linux-arm-gnueabihf": "npm:4.3.0"
    "@tailwindcss/oxide-linux-arm64-gnu": "npm:4.3.0"
    "@tailwindcss/oxide-linux-arm64-musl": "npm:4.3.0"
    "@tailwindcss/oxide-linux-x64-gnu": "npm:4.3.0"
    "@tailwindcss/oxide-linux-x64-musl": "npm:4.3.0"
    "@tailwindcss/oxide-wasm32-wasi": "npm:4.3.0"
    "@tailwindcss/oxide-win32-arm64-msvc": "npm:4.3.0"
    "@tailwindcss/oxide-win32-x64-msvc": "npm:4.3.0"
  dependenciesMeta:
    "@tailwindcss/oxide-android-arm64":
      optional: true
    "@tailwindcss/oxide-darwin-arm64":
      optional: true
    "@tailwindcss/oxide-darwin-x64":
      optional: true
    "@tailwindcss/oxide-freebsd-x64":
      optional: true
    "@tailwindcss/oxide-linux-arm-gnueabihf":
      optional: true
    "@tailwindcss/oxide-linux-arm64-gnu":
      optional: true
    "@tailwindcss/oxide-linux-arm64-musl":
      optional: true
    "@tailwindcss/oxide-linux-x64-gnu":
      optional: true
    "@tailwindcss/oxide-linux-x64-musl":
      optional: true
    "@tailwindcss/oxide-wasm32-wasi":
      optional: true
    "@tailwindcss/oxide-win32-arm64-msvc":
      optional: true
    "@tailwindcss/oxide-win32-x64-msvc":
      optional: true
  checksum: 10c0/9a04ee1e59df5e596765ee3ffb0f6eb13e8abab3a8331d2bb397adb5de7090e159a6b98e17401477678c41fa779f0b8cd04ba4ef4432054ae6cdeb562df9a243
  languageName: node
  linkType: hard

"@tailwindcss/postcss@npm:^4.3.0":
  version: 4.3.0
  resolution: "@tailwindcss/postcss@npm:4.3.0"
  dependencies:
    "@alloc/quick-lru": "npm:^5.2.0"
    "@tailwindcss/node": "npm:4.3.0"
    "@tailwindcss/oxide": "npm:4.3.0"
    postcss: "npm:^8.5.10"
    tailwindcss: "npm:4.3.0"
  checksum: 10c0/83483debd4e09b448e4c974d6a8bdaa1f436c0eaa79fd8803be4c3d1ff0346cb2228a465dffd557e471a6a24694fcdc3bd18ef2a22e16a36a7e7681e1ff4b5c1
  languageName: node
  linkType: hard

"@tybys/wasm-util@npm:^0.10.1":
  version: 0.10.2
  resolution: "@tybys/wasm-util@npm:0.10.2"
  dependencies:
    tslib: "npm:^2.4.0"
  checksum: 10c0/26165bcd1fd7269f42d7fbe3de318f854a8968de8397e89fc9a423bb3e2da35a52150f382e6323b3367595beb16d9800a6f35971a5599daf76da1742ec3afc25
  languageName: node
  linkType: hard

"@types/node@npm:^25.9.0":
  version: 25.9.0
  resolution: "@types/node@npm:25.9.0"
  dependencies:
    undici-types: "npm:>=7.24.0 <7.24.7"
  checksum: 10c0/1845f0ce5471213a4f0c887845c50993968ea863c03bb355282b59bdcc877d009a2785f0f506cfc40b8ce7548a21e33ac826e998be62d42b000bfd9ccdc6c910
  languageName: node
  linkType: hard

"@types/react-dom@npm:^19.2.3":
  version: 19.2.3
  resolution: "@types/react-dom@npm:19.2.3"
  peerDependencies:
    "@types/react": ^19.2.0
  checksum: 10c0/b486ebe0f4e2fb35e2e108df1d8fc0927ca5d6002d5771e8a739de11239fe62d0e207c50886185253c99eb9dedfeeb956ea7429e5ba17f6693c7acb4c02f8cd1
  languageName: node
  linkType: hard

"@types/react@npm:^19.2.14":
  version: 19.2.14
  resolution: "@types/react@npm:19.2.14"
  dependencies:
    csstype: "npm:^3.2.2"
  checksum: 10c0/7d25bf41b57719452d86d2ac0570b659210402707313a36ee612666bf11275a1c69824f8c3ee1fdca077ccfe15452f6da8f1224529b917050eb2d861e52b59b7
  languageName: node
  linkType: hard

"@upstash/redis@npm:^1.38.0":
  version: 1.38.0
  resolution: "@upstash/redis@npm:1.38.0"
  dependencies:
    uncrypto: "npm:^0.1.3"
  checksum: 10c0/02ebad2f2cfe089b6ede9ab818e679840a2006e56ad440c36fdf11f04ce23b024e14cc11dd812816de9ad6dea83c5cfabe3a9f2d81f7aa8e8f464746baf586f3
  languageName: node
  linkType: hard

"@vercel/analytics@npm:^2.0.1":
  version: 2.0.1
  resolution: "@vercel/analytics@npm:2.0.1"
  peerDependencies:
    "@remix-run/react": ^2
    "@sveltejs/kit": ^1 || ^2
    next: ">= 13"
    nuxt: ">= 3"
    react: ^18 || ^19 || ^19.0.0-rc
    svelte: ">= 4"
    vue: ^3
    vue-router: ^4
  peerDependenciesMeta:
    "@remix-run/react":
      optional: true
    "@sveltejs/kit":
      optional: true
    next:
      optional: true
    nuxt:
      optional: true
    react:
      optional: true
    svelte:
      optional: true
    vue:
      optional: true
    vue-router:
      optional: true
  checksum: 10c0/c788c03d0f072f6f2be52d3f6f4f0680d2343f0d8765a759a044204223b14a6e14b285d0c5d5d05c0b66d4419746c5b245656ebdc48398328d85d96f1ede982b
  languageName: node
  linkType: hard

"@vercel/speed-insights@npm:^2.0.0":
  version: 2.0.0
  resolution: "@vercel/speed-insights@npm:2.0.0"
  peerDependencies:
    "@sveltejs/kit": ^1 || ^2
    next: ">= 13"
    nuxt: ">= 3"
    react: ^18 || ^19 || ^19.0.0-rc
    svelte: ">= 4"
    vue: ^3
    vue-router: ^4
  peerDependenciesMeta:
    "@sveltejs/kit":
      optional: true
    next:
      optional: true
    nuxt:
      optional: true
    react:
      optional: true
    svelte:
      optional: true
    vue:
      optional: true
    vue-router:
      optional: true
  checksum: 10c0/a8703abcf72f6317183be13a5e991883589c48a8107fedb47d075af08e2d5a71d93e22c1927c8d0c28a69bb0e4712e90386d50947851883b6169c715cd43b4eb
  languageName: node
  linkType: hard

"babel-plugin-react-compiler@npm:^1.0.0":
  version: 1.0.0
  resolution: "babel-plugin-react-compiler@npm:1.0.0"
  dependencies:
    "@babel/types": "npm:^7.26.0"
  checksum: 10c0/9406267ada8d7dbdfe8906b40ecadb816a5f4cee2922bee23f7729293b369624ee135b5a9b0f263851c263c9787522ac5d97016c9a2b82d1668300e42b18aff8
  languageName: node
  linkType: hard

"baseline-browser-mapping@npm:^2.9.19":
  version: 2.10.31
  resolution: "baseline-browser-mapping@npm:2.10.31"
  bin:
    baseline-browser-mapping: dist/cli.cjs
  checksum: 10c0/ecb6a10b4bb62d8660e3a4c525acdae2b1c7f68e4ec1e03f473b2050781b7131fbd562a200489ae987d11eb8ae85ec95d3ac77d9d84b4afe6548dfdfdceb6734
  languageName: node
  linkType: hard

"caniuse-lite@npm:^1.0.30001579":
  version: 1.0.30001793
  resolution: "caniuse-lite@npm:1.0.30001793"
  checksum: 10c0/bee8f8b55d1ccdb2076b7355c06fd01916952eadd76b828e4d5fb9ac62d17ec7db0e2b7c326b923478b93526ad1ff74f189cf40c06de0e4a5edbc677009b97fe
  languageName: node
  linkType: hard

"client-only@npm:0.0.1":
  version: 0.0.1
  resolution: "client-only@npm:0.0.1"
  checksum: 10c0/9d6cfd0c19e1c96a434605added99dff48482152af791ec4172fb912a71cff9027ff174efd8cdb2160cc7f377543e0537ffc462d4f279bc4701de3f2a3c4b358
  languageName: node
  linkType: hard

"csstype@npm:^3.2.2":
  version: 3.2.3
  resolution: "csstype@npm:3.2.3"
  checksum: 10c0/cd29c51e70fa822f1cecd8641a1445bed7063697469d35633b516e60fe8c1bde04b08f6c5b6022136bb669b64c63d4173af54864510fbb4ee23281801841a3ce
  languageName: node
  linkType: hard

"detect-libc@npm:^2.0.3, detect-libc@npm:^2.1.2":
  version: 2.1.2
  resolution: "detect-libc@npm:2.1.2"
  checksum: 10c0/acc675c29a5649fa1fb6e255f993b8ee829e510b6b56b0910666949c80c364738833417d0edb5f90e4e46be17228b0f2b66a010513984e18b15deeeac49369c4
  languageName: node
  linkType: hard

"enhanced-resolve@npm:^5.21.0":
  version: 5.21.4
  resolution: "enhanced-resolve@npm:5.21.4"
  dependencies:
    graceful-fs: "npm:^4.2.4"
    tapable: "npm:^2.3.3"
  checksum: 10c0/d48d9b61d775ffe41f5ed2223b9aed094ba69b3b9728794848f1a3ce39c62a8d69265ba55726e89e69fa3f0d3974b593f2b24eb09fa2e2cb7e00ab8289791217
  languageName: node
  linkType: hard

"graceful-fs@npm:^4.2.4":
  version: 4.2.11
  resolution: "graceful-fs@npm:4.2.11"
  checksum: 10c0/386d011a553e02bc594ac2ca0bd6d9e4c22d7fa8cfbfc448a6d148c59ea881b092db9dbe3547ae4b88e55f1b01f7c4a2ecc53b310c042793e63aa44cf6c257f2
  languageName: node
  linkType: hard

"jiti@npm:^2.6.1":
  version: 2.7.0
  resolution: "jiti@npm:2.7.0"
  bin:
    jiti: lib/jiti-cli.mjs
  checksum: 10c0/1b1e2310a490dce1aeea3da5f5dfe18273516c20ce48be2e98eb8ea452d5f3dcc8fd0cfd6d28b4052a24c5dbab6e3089b2d7e79f0bce7915b10d750929563c42
  languageName: node
  linkType: hard

"lightningcss-android-arm64@npm:1.32.0":
  version: 1.32.0
  resolution: "lightningcss-android-arm64@npm:1.32.0"
  conditions: os=android & cpu=arm64
  languageName: node
  linkType: hard

"lightningcss-darwin-arm64@npm:1.32.0":
  version: 1.32.0
  resolution: "lightningcss-darwin-arm64@npm:1.32.0"
  conditions: os=darwin & cpu=arm64
  languageName: node
  linkType: hard

"lightningcss-darwin-x64@npm:1.32.0":
  version: 1.32.0
  resolution: "lightningcss-darwin-x64@npm:1.32.0"
  conditions: os=darwin & cpu=x64
  languageName: node
  linkType: hard

"lightningcss-freebsd-x64@npm:1.32.0":
  version: 1.32.0
  resolution: "lightningcss-freebsd-x64@npm:1.32.0"
  conditions: os=freebsd & cpu=x64
  languageName: node
  linkType: hard

"lightningcss-linux-arm-gnueabihf@npm:1.32.0":
  version: 1.32.0
  resolution: "lightningcss-linux-arm-gnueabihf@npm:1.32.0"
  conditions: os=linux & cpu=arm
  languageName: node
  linkType: hard

"lightningcss-linux-arm64-gnu@npm:1.32.0":
  version: 1.32.0
  resolution: "lightningcss-linux-arm64-gnu@npm:1.32.0"
  conditions: os=linux & cpu=arm64 & libc=glibc
  languageName: node
  linkType: hard

"lightningcss-linux-arm64-musl@npm:1.32.0":
  version: 1.32.0
  resolution: "lightningcss-linux-arm64-musl@npm:1.32.0"
  conditions: os=linux & cpu=arm64 & libc=musl
  languageName: node
  linkType: hard

"lightningcss-linux-x64-gnu@npm:1.32.0":
  version: 1.32.0
  resolution: "lightningcss-linux-x64-gnu@npm:1.32.0"
  conditions: os=linux & cpu=x64 & libc=glibc
  languageName: node
  linkType: hard

"lightningcss-linux-x64-musl@npm:1.32.0":
  version: 1.32.0
  resolution: "lightningcss-linux-x64-musl@npm:1.32.0"
  conditions: os=linux & cpu=x64 & libc=musl
  languageName: node
  linkType: hard

"lightningcss-win32-arm64-msvc@npm:1.32.0":
  version: 1.32.0
  resolution: "lightningcss-win32-arm64-msvc@npm:1.32.0"
  conditions: os=win32 & cpu=arm64
  languageName: node
  linkType: hard

"lightningcss-win32-x64-msvc@npm:1.32.0":
  version: 1.32.0
  resolution: "lightningcss-win32-x64-msvc@npm:1.32.0"
  conditions: os=win32 & cpu=x64
  languageName: node
  linkType: hard

"lightningcss@npm:1.32.0":
  version: 1.32.0
  resolution: "lightningcss@npm:1.32.0"
  dependencies:
    detect-libc: "npm:^2.0.3"
    lightningcss-android-arm64: "npm:1.32.0"
    lightningcss-darwin-arm64: "npm:1.32.0"
    lightningcss-darwin-x64: "npm:1.32.0"
    lightningcss-freebsd-x64: "npm:1.32.0"
    lightningcss-linux-arm-gnueabihf: "npm:1.32.0"
    lightningcss-linux-arm64-gnu: "npm:1.32.0"
    lightningcss-linux-arm64-musl: "npm:1.32.0"
    lightningcss-linux-x64-gnu: "npm:1.32.0"
    lightningcss-linux-x64-musl: "npm:1.32.0"
    lightningcss-win32-arm64-msvc: "npm:1.32.0"
    lightningcss-win32-x64-msvc: "npm:1.32.0"
  dependenciesMeta:
    lightningcss-android-arm64:
      optional: true
    lightningcss-darwin-arm64:
      optional: true
    lightningcss-darwin-x64:
      optional: true
    lightningcss-freebsd-x64:
      optional: true
    lightningcss-linux-arm-gnueabihf:
      optional: true
    lightningcss-linux-arm64-gnu:
      optional: true
    lightningcss-linux-arm64-musl:
      optional: true
    lightningcss-linux-x64-gnu:
      optional: true
    lightningcss-linux-x64-musl:
      optional: true
    lightningcss-win32-arm64-msvc:
      optional: true
    lightningcss-win32-x64-msvc:
      optional: true
  checksum: 10c0/70945bd55097af46fc9fab7f5ed09cd5869d85940a2acab7ee06d0117004a1d68155708a2d462531cea2fc3c67aefc9333a7068c80b0b78dd404c16838809e03
  languageName: node
  linkType: hard

"lilconfig@npm:^3.1.1":
  version: 3.1.3
  resolution: "lilconfig@npm:3.1.3"
  checksum: 10c0/f5604e7240c5c275743561442fbc5abf2a84ad94da0f5adc71d25e31fa8483048de3dcedcb7a44112a942fed305fd75841cdf6c9681c7f640c63f1049e9a5dcc
  languageName: node
  linkType: hard

"magic-string@npm:^0.30.21":
  version: 0.30.21
  resolution: "magic-string@npm:0.30.21"
  dependencies:
    "@jridgewell/sourcemap-codec": "npm:^1.5.5"
  checksum: 10c0/299378e38f9a270069fc62358522ddfb44e94244baa0d6a8980ab2a9b2490a1d03b236b447eee309e17eb3bddfa482c61259d47960eb018a904f0ded52780c4a
  languageName: node
  linkType: hard

"nanoid@npm:^3.3.11, nanoid@npm:^3.3.6":
  version: 3.3.12
  resolution: "nanoid@npm:3.3.12"
  bin:
    nanoid: bin/nanoid.cjs
  checksum: 10c0/ba142b7b39e11e80c16dd74b0365d407880c87c1cf7e1480956981ae940ee36060fa5b6f092cd1e315184dd19244c657bd017d03327bd3c62247d691c5e8edfb
  languageName: node
  linkType: hard

"next@npm:^16.2.6":
  version: 16.2.6
  resolution: "next@npm:16.2.6"
  dependencies:
    "@next/env": "npm:16.2.6"
    "@next/swc-darwin-arm64": "npm:16.2.6"
    "@next/swc-darwin-x64": "npm:16.2.6"
    "@next/swc-linux-arm64-gnu": "npm:16.2.6"
    "@next/swc-linux-arm64-musl": "npm:16.2.6"
    "@next/swc-linux-x64-gnu": "npm:16.2.6"
    "@next/swc-linux-x64-musl": "npm:16.2.6"
    "@next/swc-win32-arm64-msvc": "npm:16.2.6"
    "@next/swc-win32-x64-msvc": "npm:16.2.6"
    "@swc/helpers": "npm:0.5.15"
    baseline-browser-mapping: "npm:^2.9.19"
    caniuse-lite: "npm:^1.0.30001579"
    postcss: "npm:8.4.31"
    sharp: "npm:^0.34.5"
    styled-jsx: "npm:5.1.6"
  peerDependencies:
    "@opentelemetry/api": ^1.1.0
    "@playwright/test": ^1.51.1
    babel-plugin-react-compiler: "*"
    react: ^18.2.0 || 19.0.0-rc-de68d2f4-20241204 || ^19.0.0
    react-dom: ^18.2.0 || 19.0.0-rc-de68d2f4-20241204 || ^19.0.0
    sass: ^1.3.0
  dependenciesMeta:
    "@next/swc-darwin-arm64":
      optional: true
    "@next/swc-darwin-x64":
      optional: true
    "@next/swc-linux-arm64-gnu":
      optional: true
    "@next/swc-linux-arm64-musl":
      optional: true
    "@next/swc-linux-x64-gnu":
      optional: true
    "@next/swc-linux-x64-musl":
      optional: true
    "@next/swc-win32-arm64-msvc":
      optional: true
    "@next/swc-win32-x64-msvc":
      optional: true
    sharp:
      optional: true
  peerDependenciesMeta:
    "@opentelemetry/api":
      optional: true
    "@playwright/test":
      optional: true
    babel-plugin-react-compiler:
      optional: true
    sass:
      optional: true
  bin:
    next: dist/bin/next
  checksum: 10c0/3572071eb0e8051c3b007224dcf642037ce27a2f4b75c45f7e0fe7f2343e98e66604ce8696dde56ecd72963900d330d3a3af0f068f34cfc67520180263effa5f
  languageName: node
  linkType: hard

"picocolors@npm:^1.0.0, picocolors@npm:^1.1.1":
  version: 1.1.1
  resolution: "picocolors@npm:1.1.1"
  checksum: 10c0/e2e3e8170ab9d7c7421969adaa7e1b31434f789afb9b3f115f6b96d91945041ac3ceb02e9ec6fe6510ff036bcc0bf91e69a1772edc0b707e12b19c0f2d6bcf58
  languageName: node
  linkType: hard

"postcss-load-config@npm:^6.0.1":
  version: 6.0.1
  resolution: "postcss-load-config@npm:6.0.1"
  dependencies:
    lilconfig: "npm:^3.1.1"
  peerDependencies:
    jiti: ">=1.21.0"
    postcss: ">=8.0.9"
    tsx: ^4.8.1
    yaml: ^2.4.2
  peerDependenciesMeta:
    jiti:
      optional: true
    postcss:
      optional: true
    tsx:
      optional: true
    yaml:
      optional: true
  checksum: 10c0/74173a58816dac84e44853f7afbd283f4ef13ca0b6baeba27701214beec33f9e309b128f8102e2b173e8d45ecba45d279a9be94b46bf48d219626aa9b5730848
  languageName: node
  linkType: hard

"postcss@npm:8.4.31":
  version: 8.4.31
  resolution: "postcss@npm:8.4.31"
  dependencies:
    nanoid: "npm:^3.3.6"
    picocolors: "npm:^1.0.0"
    source-map-js: "npm:^1.0.2"
  checksum: 10c0/748b82e6e5fc34034dcf2ae88ea3d11fd09f69b6c50ecdd3b4a875cfc7cdca435c958b211e2cb52355422ab6fccb7d8f2f2923161d7a1b281029e4a913d59acf
  languageName: node
  linkType: hard

"postcss@npm:^8.5.10, postcss@npm:^8.5.14":
  version: 8.5.14
  resolution: "postcss@npm:8.5.14"
  dependencies:
    nanoid: "npm:^3.3.11"
    picocolors: "npm:^1.1.1"
    source-map-js: "npm:^1.2.1"
  checksum: 10c0/48138207cf5ef5581be1bfe2cb65ccfe0ac75e43888ba045afc8ed6043d7b56aeb3b9a9fe5b353ff554be943cd0cc15d826ccb991525159175971e5ee8ab0237
  languageName: node
  linkType: hard

"react-dom@npm:^19.2.6":
  version: 19.2.6
  resolution: "react-dom@npm:19.2.6"
  dependencies:
    scheduler: "npm:^0.27.0"
  peerDependencies:
    react: ^19.2.6
  checksum: 10c0/dbf2aef67857c03a612bc9316a4562e5066f43fa04bf28f7f0734963fc1350da2c9f8eb973930655453281079f30cc8222bab383dbec4b5097084e2c081e3334
  languageName: node
  linkType: hard

"react@npm:^19.2.6":
  version: 19.2.6
  resolution: "react@npm:19.2.6"
  checksum: 10c0/66afde33b9a9ee87b1e1cae39d8e7e040d1262e719524fd70660c4d4ce79929c532ac19fc3df5a911edaf02768fdf2c49de4ede1ba99bc6aad72796e0e26e798
  languageName: node
  linkType: hard

"scheduler@npm:^0.27.0":
  version: 0.27.0
  resolution: "scheduler@npm:0.27.0"
  checksum: 10c0/4f03048cb05a3c8fddc45813052251eca00688f413a3cee236d984a161da28db28ba71bd11e7a3dd02f7af84ab28d39fb311431d3b3772fed557945beb00c452
  languageName: node
  linkType: hard

"semver@npm:^7.7.3":
  version: 7.8.0
  resolution: "semver@npm:7.8.0"
  bin:
    semver: bin/semver.js
  checksum: 10c0/8f096ca9b80ffd47b308d03f9ce8c873e27e2983f36023c559cdc92c51e8433fc23ebbfe57ec9623fc155636a6961ee989501099841ae4bb1babc8d2b3f048cd
  languageName: node
  linkType: hard

"sharp@npm:^0.34.5":
  version: 0.34.5
  resolution: "sharp@npm:0.34.5"
  dependencies:
    "@img/colour": "npm:^1.0.0"
    "@img/sharp-darwin-arm64": "npm:0.34.5"
    "@img/sharp-darwin-x64": "npm:0.34.5"
    "@img/sharp-libvips-darwin-arm64": "npm:1.2.4"
    "@img/sharp-libvips-darwin-x64": "npm:1.2.4"
    "@img/sharp-libvips-linux-arm": "npm:1.2.4"
    "@img/sharp-libvips-linux-arm64": "npm:1.2.4"
    "@img/sharp-libvips-linux-ppc64": "npm:1.2.4"
    "@img/sharp-libvips-linux-riscv64": "npm:1.2.4"
    "@img/sharp-libvips-linux-s390x": "npm:1.2.4"
    "@img/sharp-libvips-linux-x64": "npm:1.2.4"
    "@img/sharp-libvips-linuxmusl-arm64": "npm:1.2.4"
    "@img/sharp-libvips-linuxmusl-x64": "npm:1.2.4"
    "@img/sharp-linux-arm": "npm:0.34.5"
    "@img/sharp-linux-arm64": "npm:0.34.5"
    "@img/sharp-linux-ppc64": "npm:0.34.5"
    "@img/sharp-linux-riscv64": "npm:0.34.5"
    "@img/sharp-linux-s390x": "npm:0.34.5"
    "@img/sharp-linux-x64": "npm:0.34.5"
    "@img/sharp-linuxmusl-arm64": "npm:0.34.5"
    "@img/sharp-linuxmusl-x64": "npm:0.34.5"
    "@img/sharp-wasm32": "npm:0.34.5"
    "@img/sharp-win32-arm64": "npm:0.34.5"
    "@img/sharp-win32-ia32": "npm:0.34.5"
    "@img/sharp-win32-x64": "npm:0.34.5"
    detect-libc: "npm:^2.1.2"
    semver: "npm:^7.7.3"
  dependenciesMeta:
    "@img/sharp-darwin-arm64":
      optional: true
    "@img/sharp-darwin-x64":
      optional: true
    "@img/sharp-libvips-darwin-arm64":
      optional: true
    "@img/sharp-libvips-darwin-x64":
      optional: true
    "@img/sharp-libvips-linux-arm":
      optional: true
    "@img/sharp-libvips-linux-arm64":
      optional: true
    "@img/sharp-libvips-linux-ppc64":
      optional: true
    "@img/sharp-libvips-linux-riscv64":
      optional: true
    "@img/sharp-libvips-linux-s390x":
      optional: true
    "@img/sharp-libvips-linux-x64":
      optional: true
    "@img/sharp-libvips-linuxmusl-arm64":
      optional: true
    "@img/sharp-libvips-linuxmusl-x64":
      optional: true
    "@img/sharp-linux-arm":
      optional: true
    "@img/sharp-linux-arm64":
      optional: true
    "@img/sharp-linux-ppc64":
      optional: true
    "@img/sharp-linux-riscv64":
      optional: true
    "@img/sharp-linux-s390x":
      optional: true
    "@img/sharp-linux-x64":
      optional: true
    "@img/sharp-linuxmusl-arm64":
      optional: true
    "@img/sharp-linuxmusl-x64":
      optional: true
    "@img/sharp-wasm32":
      optional: true
    "@img/sharp-win32-arm64":
      optional: true
    "@img/sharp-win32-ia32":
      optional: true
    "@img/sharp-win32-x64":
      optional: true
  checksum: 10c0/fd79e29df0597a7d5704b8461c51f944ead91a5243691697be6e8243b966402beda53ddc6f0a53b96ea3cb8221f0b244aa588114d3ebf8734fb4aefd41ab802f
  languageName: node
  linkType: hard

"source-map-js@npm:^1.0.2, source-map-js@npm:^1.2.1":
  version: 1.2.1
  resolution: "source-map-js@npm:1.2.1"
  checksum: 10c0/7bda1fc4c197e3c6ff17de1b8b2c20e60af81b63a52cb32ec5a5d67a20a7d42651e2cb34ebe93833c5a2a084377e17455854fee3e21e7925c64a51b6a52b0faf
  languageName: node
  linkType: hard

"styled-jsx@npm:5.1.6":
  version: 5.1.6
  resolution: "styled-jsx@npm:5.1.6"
  dependencies:
    client-only: "npm:0.0.1"
  peerDependencies:
    react: ">= 16.8.0 || 17.x.x || ^18.0.0-0 || ^19.0.0-0"
  peerDependenciesMeta:
    "@babel/core":
      optional: true
    babel-plugin-macros:
      optional: true
  checksum: 10c0/ace50e7ea5ae5ae6a3b65a50994c51fca6ae7df9c7ecfd0104c36be0b4b3a9c5c1a2374d16e2a11e256d0b20be6d47256d768ecb4f91ab390f60752a075780f5
  languageName: node
  linkType: hard

"tailwindcss@npm:4.3.0, tailwindcss@npm:^4.3.0":
  version: 4.3.0
  resolution: "tailwindcss@npm:4.3.0"
  checksum: 10c0/4cde389ee5e9132e7ef90e4c1d05978d52821761a00700c18b7d46d325881086f0a9c9ec7f616929ecd6e26109c41913538883e066c6dd4bd993debbbbc99084
  languageName: node
  linkType: hard

"tapable@npm:^2.3.3":
  version: 2.3.3
  resolution: "tapable@npm:2.3.3"
  checksum: 10c0/47992e861053f861154e92fb4a98ac4ab47b6463717e60792dd1e8c755da0c4964cd8bb68c308a9066d6da89000b6310457b4d5d985c30de4ccc29066068cc17
  languageName: node
  linkType: hard

"tslib@npm:^2.4.0, tslib@npm:^2.8.0, tslib@npm:^2.8.1":
  version: 2.8.1
  resolution: "tslib@npm:2.8.1"
  checksum: 10c0/9c4759110a19c53f992d9aae23aac5ced636e99887b51b9e61def52611732872ff7668757d4e4c61f19691e36f4da981cd9485e869b4a7408d689f6bf1f14e62
  languageName: node
  linkType: hard

"typescript@npm:^6.0.3":
  version: 6.0.3
  resolution: "typescript@npm:6.0.3"
  bin:
    tsc: bin/tsc
    tsserver: bin/tsserver
  checksum: 10c0/4a25ff5045b984370f48f196b3a0120779b1b343d40b9a68d114ea5e5fff099809b2bb777576991a63a5cd59cf7bffd96ff6fe10afcefbcb8bd6fb96ad4b6606
  languageName: node
  linkType: hard

"typescript@patch:typescript@npm%3A^6.0.3#optional!builtin<compat/typescript>":
  version: 6.0.3
  resolution: "typescript@patch:typescript@npm%3A6.0.3#optional!builtin<compat/typescript>::version=6.0.3&hash=5786d5"
  bin:
    tsc: bin/tsc
    tsserver: bin/tsserver
  checksum: 10c0/2f25c74e65663c248fa1ade2b8459d9ce5372ff9dad07067310f132966ebec1d93f6c42f0baf77a6b6a7a91460463f708e6887013aaade22111037457c6b25df
  languageName: node
  linkType: hard

"uncrypto@npm:^0.1.3":
  version: 0.1.3
  resolution: "uncrypto@npm:0.1.3"
  checksum: 10c0/74a29afefd76d5b77bedc983559ceb33f5bbc8dada84ff33755d1e3355da55a4e03a10e7ce717918c436b4dfafde1782e799ebaf2aadd775612b49f7b5b2998e
  languageName: node
  linkType: hard

"undici-types@npm:>=7.24.0 <7.24.7":
  version: 7.24.6
  resolution: "undici-types@npm:7.24.6"
  checksum: 10c0/d9cd8befb643ac904615c280a095ba4240531f6bb4a5e75a22a7483630ca8d3f1016d2ab6ace6ceda1f63b3a2db2fe037fafe121d6917a0187573aa548ff78ca
  languageName: node
  linkType: hard

"www.sid.fyi@workspace:.":
  version: 0.0.0-use.local
  resolution: "www.sid.fyi@workspace:."
  dependencies:
    "@biomejs/biome": "npm:2.4.15"
    "@notionhq/client": "npm:^5.21.0"
    "@tailwindcss/postcss": "npm:^4.3.0"
    "@types/node": "npm:^25.9.0"
    "@types/react": "npm:^19.2.14"
    "@types/react-dom": "npm:^19.2.3"
    "@upstash/redis": "npm:^1.38.0"
    "@vercel/analytics": "npm:^2.0.1"
    "@vercel/speed-insights": "npm:^2.0.0"
    babel-plugin-react-compiler: "npm:^1.0.0"
    next: "npm:^16.2.6"
    postcss: "npm:^8.5.14"
    postcss-load-config: "npm:^6.0.1"
    react: "npm:^19.2.6"
    react-dom: "npm:^19.2.6"
    tailwindcss: "npm:^4.3.0"
    typescript: "npm:^6.0.3"
  languageName: unknown
  linkType: soft
