# This file is generated by running "yarn install" inside your project.
# Manual changes might be lost - proceed with caution!

__metadata:
  version: 8
  cacheKey: 10c0

"@alloc/quick-lru@npm:^5.2.0":
  version: 5.2.0
  resolution: "@alloc/quick-lru@npm:5.2.0"
  checksum: 10c0/7b878c48b9d25277d0e1a9b8b2f2312a314af806b4129dc902f2bc29ab09b58236e53964689feec187b28c80d2203aff03829754773a707a8a5987f1b7682d92
  languageName: node
  linkType: hard

"@babel/helper-string-parser@npm:^7.27.1":
  version: 7.27.1
  resolution: "@babel/helper-string-parser@npm:7.27.1"
  checksum: 10c0/8bda3448e07b5583727c103560bcf9c4c24b3c1051a4c516d4050ef69df37bb9a4734a585fe12725b8c2763de0a265aa1e909b485a4e3270b7cfd3e4dbe4b602
  languageName: node
  linkType: hard

"@babel/helper-validator-identifier@npm:^7.28.5":
  version: 7.28.5
  resolution: "@babel/helper-validator-identifier@npm:7.28.5"
  checksum: 10c0/42aaebed91f739a41f3d80b72752d1f95fd7c72394e8e4bd7cdd88817e0774d80a432451bcba17c2c642c257c483bf1d409dd4548883429ea9493a3bc4ab0847
  languageName: node
  linkType: hard

"@babel/types@npm:^7.26.0":
  version: 7.29.0
  resolution: "@babel/types@npm:7.29.0"
  dependencies:
    "@babel/helper-string-parser": "npm:^7.27.1"
    "@babel/helper-validator-identifier": "npm:^7.28.5"
  checksum: 10c0/23cc3466e83bcbfab8b9bd0edaafdb5d4efdb88b82b3be6728bbade5ba2f0996f84f63b1c5f7a8c0d67efded28300898a5f930b171bb40b311bca2029c4e9b4f
  languageName: node
  linkType: hard

"@biomejs/biome@npm:2.4.6":
  version: 2.4.6
  resolution: "@biomejs/biome@npm:2.4.6"
  dependencies:
    "@biomejs/cli-darwin-arm64": "npm:2.4.6"
    "@biomejs/cli-darwin-x64": "npm:2.4.6"
    "@biomejs/cli-linux-arm64": "npm:2.4.6"
    "@biomejs/cli-linux-arm64-musl": "npm:2.4.6"
    "@biomejs/cli-linux-x64": "npm:2.4.6"
    "@biomejs/cli-linux-x64-musl": "npm:2.4.6"
    "@biomejs/cli-win32-arm64": "npm:2.4.6"
    "@biomejs/cli-win32-x64": "npm:2.4.6"
  dependenciesMeta:
    "@biomejs/cli-darwin-arm64":
      optional: true
    "@biomejs/cli-darwin-x64":
      optional: true
    "@biomejs/cli-linux-arm64":
      optional: true
    "@biomejs/cli-linux-arm64-musl":
      optional: true
    "@biomejs/cli-linux-x64":
      optional: true
    "@biomejs/cli-linux-x64-musl":
      optional: true
    "@biomejs/cli-win32-arm64":
      optional: true
    "@biomejs/cli-win32-x64":
      optional: true
  bin:
    biome: bin/biome
  checksum: 10c0/3c0aea8069fa4bebde97ff4ef394f0383d2a3a1393a99e0cdea6c1769805cc18c5ea2c02e88779a63327d432c5858522dceae32f6a359d690f5f71f60ea4ca02
  languageName: node
  linkType: hard

"@biomejs/cli-darwin-arm64@npm:2.4.6":
  version: 2.4.6
  resolution: "@biomejs/cli-darwin-arm64@npm:2.4.6"
  conditions: os=darwin & cpu=arm64
  languageName: node
  linkType: hard

"@biomejs/cli-darwin-x64@npm:2.4.6":
  version: 2.4.6
  resolution: "@biomejs/cli-darwin-x64@npm:2.4.6"
  conditions: os=darwin & cpu=x64
  languageName: node
  linkType: hard

"@biomejs/cli-linux-arm64-musl@npm:2.4.6":
  version: 2.4.6
  resolution: "@biomejs/cli-linux-arm64-musl@npm:2.4.6"
  conditions: os=linux & cpu=arm64 & libc=musl
  languageName: node
  linkType: hard

"@biomejs/cli-linux-arm64@npm:2.4.6":
  version: 2.4.6
  resolution: "@biomejs/cli-linux-arm64@npm:2.4.6"
  conditions: os=linux & cpu=arm64 & libc=glibc
  languageName: node
  linkType: hard

"@biomejs/cli-linux-x64-musl@npm:2.4.6":
  version: 2.4.6
  resolution: "@biomejs/cli-linux-x64-musl@npm:2.4.6"
  conditions: os=linux & cpu=x64 & libc=musl
  languageName: node
  linkType: hard

"@biomejs/cli-linux-x64@npm:2.4.6":
  version: 2.4.6
  resolution: "@biomejs/cli-linux-x64@npm:2.4.6"
  conditions: os=linux & cpu=x64 & libc=glibc
  languageName: node
  linkType: hard

"@biomejs/cli-win32-arm64@npm:2.4.6":
  version: 2.4.6
  resolution: "@biomejs/cli-win32-arm64@npm:2.4.6"
  conditions: os=win32 & cpu=arm64
  languageName: node
  linkType: hard

"@biomejs/cli-win32-x64@npm:2.4.6":
  version: 2.4.6
  resolution: "@biomejs/cli-win32-x64@npm:2.4.6"
  conditions: os=win32 & cpu=x64
  languageName: node
  linkType: hard

"@emnapi/core@npm:^1.7.1, @emnapi/core@npm:^1.8.1":
  version: 1.8.1
  resolution: "@emnapi/core@npm:1.8.1"
  dependencies:
    "@emnapi/wasi-threads": "npm:1.1.0"
    tslib: "npm:^2.4.0"
  checksum: 10c0/2c242f4b49779bac403e1cbcc98edacdb1c8ad36562408ba9a20663824669e930bc8493be46a2522d9dc946b8d96cd7073970bae914928c7671b5221c85b432e
  languageName: node
  linkType: hard

"@emnapi/runtime@npm:^1.7.0, @emnapi/runtime@npm:^1.7.1, @emnapi/runtime@npm:^1.8.1":
  version: 1.8.1
  resolution: "@emnapi/runtime@npm:1.8.1"
  dependencies:
    tslib: "npm:^2.4.0"
  checksum: 10c0/f4929d75e37aafb24da77d2f58816761fe3f826aad2e37fa6d4421dac9060cbd5098eea1ac3c9ecc4526b89deb58153852fa432f87021dc57863f2ff726d713f
  languageName: node
  linkType: hard

"@emnapi/wasi-threads@npm:1.1.0, @emnapi/wasi-threads@npm:^1.1.0":
  version: 1.1.0
  resolution: "@emnapi/wasi-threads@npm:1.1.0"
  dependencies:
    tslib: "npm:^2.4.0"
  checksum: 10c0/e6d54bf2b1e64cdd83d2916411e44e579b6ae35d5def0dea61a3c452d9921373044dff32a8b8473ae60c80692bdc39323e98b96a3f3d87ba6886b24dd0ef7ca1
  languageName: node
  linkType: hard

"@img/colour@npm:^1.0.0":
  version: 1.1.0
  resolution: "@img/colour@npm:1.1.0"
  checksum: 10c0/2ebea2c0bbaee73b99badcefa04e1e71d83f36e5369337d3121dca841f4569533c4e2faddda6d62dd247f0d5cca143711f9446c59bcce81e427ba433a7a94a17
  languageName: node
  linkType: hard

"@img/sharp-darwin-arm64@npm:0.34.5":
  version: 0.34.5
  resolution: "@img/sharp-darwin-arm64@npm:0.34.5"
  dependencies:
    "@img/sharp-libvips-darwin-arm64": "npm:1.2.4"
  dependenciesMeta:
    "@img/sharp-libvips-darwin-arm64":
      optional: true
  conditions: os=darwin & cpu=arm64
  languageName: node
  linkType: hard

"@img/sharp-darwin-x64@npm:0.34.5":
  version: 0.34.5
  resolution: "@img/sharp-darwin-x64@npm:0.34.5"
  dependencies:
    "@img/sharp-libvips-darwin-x64": "npm:1.2.4"
  dependenciesMeta:
    "@img/sharp-libvips-darwin-x64":
      optional: true
  conditions: os=darwin & cpu=x64
  languageName: node
  linkType: hard

"@img/sharp-libvips-darwin-arm64@npm:1.2.4":
  version: 1.2.4
  resolution: "@img/sharp-libvips-darwin-arm64@npm:1.2.4"
  conditions: os=darwin & cpu=arm64
  languageName: node
  linkType: hard

"@img/sharp-libvips-darwin-x64@npm:1.2.4":
  version: 1.2.4
  resolution: "@img/sharp-libvips-darwin-x64@npm:1.2.4"
  conditions: os=darwin & cpu=x64
  languageName: node
  linkType: hard

"@img/sharp-libvips-linux-arm64@npm:1.2.4":
  version: 1.2.4
  resolution: "@img/sharp-libvips-linux-arm64@npm:1.2.4"
  conditions: os=linux & cpu=arm64 & libc=glibc
  languageName: node
  linkType: hard

"@img/sharp-libvips-linux-arm@npm:1.2.4":
  version: 1.2.4
  resolution: "@img/sharp-libvips-linux-arm@npm:1.2.4"
  conditions: os=linux & cpu=arm & libc=glibc
  languageName: node
  linkType: hard

"@img/sharp-libvips-linux-ppc64@npm:1.2.4":
  version: 1.2.4
  resolution: "@img/sharp-libvips-linux-ppc64@npm:1.2.4"
  conditions: os=linux & cpu=ppc64 & libc=glibc
  languageName: node
  linkType: hard

"@img/sharp-libvips-linux-riscv64@npm:1.2.4":
  version: 1.2.4
  resolution: "@img/sharp-libvips-linux-riscv64@npm:1.2.4"
  conditions: os=linux & cpu=riscv64 & libc=glibc
  languageName: node
  linkType: hard

"@img/sharp-libvips-linux-s390x@npm:1.2.4":
  version: 1.2.4
  resolution: "@img/sharp-libvips-linux-s390x@npm:1.2.4"
  conditions: os=linux & cpu=s390x & libc=glibc
  languageName: node
  linkType: hard

"@img/sharp-libvips-linux-x64@npm:1.2.4":
  version: 1.2.4
  resolution: "@img/sharp-libvips-linux-x64@npm:1.2.4"
  conditions: os=linux & cpu=x64 & libc=glibc
  languageName: node
  linkType: hard

"@img/sharp-libvips-linuxmusl-arm64@npm:1.2.4":
  version: 1.2.4
  resolution: "@img/sharp-libvips-linuxmusl-arm64@npm:1.2.4"
  conditions: os=linux & cpu=arm64 & libc=musl
  languageName: node
  linkType: hard

"@img/sharp-libvips-linuxmusl-x64@npm:1.2.4":
  version: 1.2.4
  resolution: "@img/sharp-libvips-linuxmusl-x64@npm:1.2.4"
  conditions: os=linux & cpu=x64 & libc=musl
  languageName: node
  linkType: hard

"@img/sharp-linux-arm64@npm:0.34.5":
  version: 0.34.5
  resolution: "@img/sharp-linux-arm64@npm:0.34.5"
  dependencies:
    "@img/sharp-libvips-linux-arm64": "npm:1.2.4"
  dependenciesMeta:
    "@img/sharp-libvips-linux-arm64":
      optional: true
  conditions: os=linux & cpu=arm64 & libc=glibc
  languageName: node
  linkType: hard

"@img/sharp-linux-arm@npm:0.34.5":
  version: 0.34.5
  resolution: "@img/sharp-linux-arm@npm:0.34.5"
  dependencies:
    "@img/sharp-libvips-linux-arm": "npm:1.2.4"
  dependenciesMeta:
    "@img/sharp-libvips-linux-arm":
      optional: true
  conditions: os=linux & cpu=arm & libc=glibc
  languageName: node
  linkType: hard

"@img/sharp-linux-ppc64@npm:0.34.5":
  version: 0.34.5
  resolution: "@img/sharp-linux-ppc64@npm:0.34.5"
  dependencies:
    "@img/sharp-libvips-linux-ppc64": "npm:1.2.4"
  dependenciesMeta:
    "@img/sharp-libvips-linux-ppc64":
      optional: true
  conditions: os=linux & cpu=ppc64 & libc=glibc
  languageName: node
  linkType: hard

"@img/sharp-linux-riscv64@npm:0.34.5":
  version: 0.34.5
  resolution: "@img/sharp-linux-riscv64@npm:0.34.5"
  dependencies:
    "@img/sharp-libvips-linux-riscv64": "npm:1.2.4"
  dependenciesMeta:
    "@img/sharp-libvips-linux-riscv64":
      optional: true
  conditions: os=linux & cpu=riscv64 & libc=glibc
  languageName: node
  linkType: hard

"@img/sharp-linux-s390x@npm:0.34.5":
  version: 0.34.5
  resolution: "@img/sharp-linux-s390x@npm:0.34.5"
  dependencies:
    "@img/sharp-libvips-linux-s390x": "npm:1.2.4"
  dependenciesMeta:
    "@img/sharp-libvips-linux-s390x":
      optional: true
  conditions: os=linux & cpu=s390x & libc=glibc
  languageName: node
  linkType: hard

"@img/sharp-linux-x64@npm:0.34.5":
  version: 0.34.5
  resolution: "@img/sharp-linux-x64@npm:0.34.5"
  dependencies:
    "@img/sharp-libvips-linux-x64": "npm:1.2.4"
  dependenciesMeta:
    "@img/sharp-libvips-linux-x64":
      optional: true
  conditions: os=linux & cpu=x64 & libc=glibc
  languageName: node
  linkType: hard

"@img/sharp-linuxmusl-arm64@npm:0.34.5":
  version: 0.34.5
  resolution: "@img/sharp-linuxmusl-arm64@npm:0.34.5"
  dependencies:
    "@img/sharp-libvips-linuxmusl-arm64": "npm:1.2.4"
  dependenciesMeta:
    "@img/sharp-libvips-linuxmusl-arm64":
      optional: true
  conditions: os=linux & cpu=arm64 & libc=musl
  languageName: node
  linkType: hard

"@img/sharp-linuxmusl-x64@npm:0.34.5":
  version: 0.34.5
  resolution: "@img/sharp-linuxmusl-x64@npm:0.34.5"
  dependencies:
    "@img/sharp-libvips-linuxmusl-x64": "npm:1.2.4"
  dependenciesMeta:
    "@img/sharp-libvips-linuxmusl-x64":
      optional: true
  conditions: os=linux & cpu=x64 & libc=musl
  languageName: node
  linkType: hard

"@img/sharp-wasm32@npm:0.34.5":
  version: 0.34.5
  resolution: "@img/sharp-wasm32@npm:0.34.5"
  dependencies:
    "@emnapi/runtime": "npm:^1.7.0"
  conditions: cpu=wasm32
  languageName: node
  linkType: hard

"@img/sharp-win32-arm64@npm:0.34.5":
  version: 0.34.5
  resolution: "@img/sharp-win32-arm64@npm:0.34.5"
  conditions: os=win32 & cpu=arm64
  languageName: node
  linkType: hard

"@img/sharp-win32-ia32@npm:0.34.5":
  version: 0.34.5
  resolution: "@img/sharp-win32-ia32@npm:0.34.5"
  conditions: os=win32 & cpu=ia32
  languageName: node
  linkType: hard

"@img/sharp-win32-x64@npm:0.34.5":
  version: 0.34.5
  resolution: "@img/sharp-win32-x64@npm:0.34.5"
  conditions: os=win32 & cpu=x64
  languageName: node
  linkType: hard

"@jridgewell/gen-mapping@npm:^0.3.5":
  version: 0.3.13
  resolution: "@jridgewell/gen-mapping@npm:0.3.13"
  dependencies:
    "@jridgewell/sourcemap-codec": "npm:^1.5.0"
    "@jridgewell/trace-mapping": "npm:^0.3.24"
  checksum: 10c0/9a7d65fb13bd9aec1fbab74cda08496839b7e2ceb31f5ab922b323e94d7c481ce0fc4fd7e12e2610915ed8af51178bdc61e168e92a8c8b8303b030b03489b13b
  languageName: node
  linkType: hard

"@jridgewell/remapping@npm:^2.3.5":
  version: 2.3.5
  resolution: "@jridgewell/remapping@npm:2.3.5"
  dependencies:
    "@jridgewell/gen-mapping": "npm:^0.3.5"
    "@jridgewell/trace-mapping": "npm:^0.3.24"
  checksum: 10c0/3de494219ffeb2c5c38711d0d7bb128097edf91893090a2dbc8ee0b55d092bb7347b1fd0f478486c5eab010e855c73927b1666f2107516d472d24a73017d1194
  languageName: node
  linkType: hard

"@jridgewell/resolve-uri@npm:^3.1.0":
  version: 3.1.2
  resolution: "@jridgewell/resolve-uri@npm:3.1.2"
  checksum: 10c0/d502e6fb516b35032331406d4e962c21fe77cdf1cbdb49c6142bcbd9e30507094b18972778a6e27cbad756209cfe34b1a27729e6fa08a2eb92b33943f680cf1e
  languageName: node
  linkType: hard

"@jridgewell/sourcemap-codec@npm:^1.4.14, @jridgewell/sourcemap-codec@npm:^1.5.0, @jridgewell/sourcemap-codec@npm:^1.5.5":
  version: 1.5.5
  resolution: "@jridgewell/sourcemap-codec@npm:1.5.5"
  checksum: 10c0/f9e538f302b63c0ebc06eecb1dd9918dd4289ed36147a0ddce35d6ea4d7ebbda243cda7b2213b6a5e1d8087a298d5cf630fb2bd39329cdecb82017023f6081a0
  languageName: node
  linkType: hard

"@jridgewell/trace-mapping@npm:^0.3.24":
  version: 0.3.31
  resolution: "@jridgewell/trace-mapping@npm:0.3.31"
  dependencies:
    "@jridgewell/resolve-uri": "npm:^3.1.0"
    "@jridgewell/sourcemap-codec": "npm:^1.4.14"
  checksum: 10c0/4b30ec8cd56c5fd9a661f088230af01e0c1a3888d11ffb6b47639700f71225be21d1f7e168048d6d4f9449207b978a235c07c8f15c07705685d16dc06280e9d9
  languageName: node
  linkType: hard

"@napi-rs/wasm-runtime@npm:^1.1.1":
  version: 1.1.1
  resolution: "@napi-rs/wasm-runtime@npm:1.1.1"
  dependencies:
    "@emnapi/core": "npm:^1.7.1"
    "@emnapi/runtime": "npm:^1.7.1"
    "@tybys/wasm-util": "npm:^0.10.1"
  checksum: 10c0/04d57b67e80736e41fe44674a011878db0a8ad893f4d44abb9d3608debb7c174224cba2796ed5b0c1d367368159f3ca6be45f1c59222f70e32ddc880f803d447
  languageName: node
  linkType: hard

"@next/env@npm:16.1.6":
  version: 16.1.6
  resolution: "@next/env@npm:16.1.6"
  checksum: 10c0/ed7023edb94b9b2e5da3f9c99d08b614da9757c1edd0ecec792fce4d336b4f0c64db1a84955e07cfbd848b9e61c4118fff28f4098cd7b0a7f97814a90565ebe6
  languageName: node
  linkType: hard

"@next/swc-darwin-arm64@npm:16.1.6":
  version: 16.1.6
  resolution: "@next/swc-darwin-arm64@npm:16.1.6"
  conditions: os=darwin & cpu=arm64
  languageName: node
  linkType: hard

"@next/swc-darwin-x64@npm:16.1.6":
  version: 16.1.6
  resolution: "@next/swc-darwin-x64@npm:16.1.6"
  conditions: os=darwin & cpu=x64
  languageName: node
  linkType: hard

"@next/swc-linux-arm64-gnu@npm:16.1.6":
  version: 16.1.6
  resolution: "@next/swc-linux-arm64-gnu@npm:16.1.6"
  conditions: os=linux & cpu=arm64 & libc=glibc
  languageName: node
  linkType: hard

"@next/swc-linux-arm64-musl@npm:16.1.6":
  version: 16.1.6
  resolution: "@next/swc-linux-arm64-musl@npm:16.1.6"
  conditions: os=linux & cpu=arm64 & libc=musl
  languageName: node
  linkType: hard

"@next/swc-linux-x64-gnu@npm:16.1.6":
  version: 16.1.6
  resolution: "@next/swc-linux-x64-gnu@npm:16.1.6"
  conditions: os=linux & cpu=x64 & libc=glibc
  languageName: node
  linkType: hard

"@next/swc-linux-x64-musl@npm:16.1.6":
  version: 16.1.6
  resolution: "@next/swc-linux-x64-musl@npm:16.1.6"
  conditions: os=linux & cpu=x64 & libc=musl
  languageName: node
  linkType: hard

"@next/swc-win32-arm64-msvc@npm:16.1.6":
  version: 16.1.6
  resolution: "@next/swc-win32-arm64-msvc@npm:16.1.6"
  conditions: os=win32 & cpu=arm64
  languageName: node
  linkType: hard

"@next/swc-win32-x64-msvc@npm:16.1.6":
  version: 16.1.6
  resolution: "@next/swc-win32-x64-msvc@npm:16.1.6"
  conditions: os=win32 & cpu=x64
  languageName: node
  linkType: hard

"@notionhq/client@npm:^5.12.0":
  version: 5.12.0
  resolution: "@notionhq/client@npm:5.12.0"
  checksum: 10c0/27b8c87e632ee761170d76aa3668df4dfb4f947345c2ae3ccf3c7cb1e5b070b03c5613b765a10a6cee45315e3f0d23a49706df3e75d075837ec7420679a2f78e
  languageName: node
  linkType: hard

"@swc/helpers@npm:0.5.15":
  version: 0.5.15
  resolution: "@swc/helpers@npm:0.5.15"
  dependencies:
    tslib: "npm:^2.8.0"
  checksum: 10c0/33002f74f6f885f04c132960835fdfc474186983ea567606db62e86acd0680ca82f34647e8e610f4e1e422d1c16fce729dde22cd3b797ab1fd9061a825dabca4
  languageName: node
  linkType: hard

"@tailwindcss/node@npm:4.2.1":
  version: 4.2.1
  resolution: "@tailwindcss/node@npm:4.2.1"
  dependencies:
    "@jridgewell/remapping": "npm:^2.3.5"
    enhanced-resolve: "npm:^5.19.0"
    jiti: "npm:^2.6.1"
    lightningcss: "npm:1.31.1"
    magic-string: "npm:^0.30.21"
    source-map-js: "npm:^1.2.1"
    tailwindcss: "npm:4.2.1"
  checksum: 10c0/7b1bf77d2d714df98201cc2f308bee8edfebaf2ef520ec15cb9515e2aadabb28b4d2ecb165dd278716b3f6767da10e4d9a445de34ee8f7ec056fc9c1d8e275a1
  languageName: node
  linkType: hard

"@tailwindcss/oxide-android-arm64@npm:4.2.1":
  version: 4.2.1
  resolution: "@tailwindcss/oxide-android-arm64@npm:4.2.1"
  conditions: os=android & cpu=arm64
  languageName: node
  linkType: hard

"@tailwindcss/oxide-darwin-arm64@npm:4.2.1":
  version: 4.2.1
  resolution: "@tailwindcss/oxide-darwin-arm64@npm:4.2.1"
  conditions: os=darwin & cpu=arm64
  languageName: node
  linkType: hard

"@tailwindcss/oxide-darwin-x64@npm:4.2.1":
  version: 4.2.1
  resolution: "@tailwindcss/oxide-darwin-x64@npm:4.2.1"
  conditions: os=darwin & cpu=x64
  languageName: node
  linkType: hard

"@tailwindcss/oxide-freebsd-x64@npm:4.2.1":
  version: 4.2.1
  resolution: "@tailwindcss/oxide-freebsd-x64@npm:4.2.1"
  conditions: os=freebsd & cpu=x64
  languageName: node
  linkType: hard

"@tailwindcss/oxide-linux-arm-gnueabihf@npm:4.2.1":
  version: 4.2.1
  resolution: "@tailwindcss/oxide-linux-arm-gnueabihf@npm:4.2.1"
  conditions: os=linux & cpu=arm
  languageName: node
  linkType: hard

"@tailwindcss/oxide-linux-arm64-gnu@npm:4.2.1":
  version: 4.2.1
  resolution: "@tailwindcss/oxide-linux-arm64-gnu@npm:4.2.1"
  conditions: os=linux & cpu=arm64 & libc=glibc
  languageName: node
  linkType: hard

"@tailwindcss/oxide-linux-arm64-musl@npm:4.2.1":
  version: 4.2.1
  resolution: "@tailwindcss/oxide-linux-arm64-musl@npm:4.2.1"
  conditions: os=linux & cpu=arm64 & libc=musl
  languageName: node
  linkType: hard

"@tailwindcss/oxide-linux-x64-gnu@npm:4.2.1":
  version: 4.2.1
  resolution: "@tailwindcss/oxide-linux-x64-gnu@npm:4.2.1"
  conditions: os=linux & cpu=x64 & libc=glibc
  languageName: node
  linkType: hard

"@tailwindcss/oxide-linux-x64-musl@npm:4.2.1":
  version: 4.2.1
  resolution: "@tailwindcss/oxide-linux-x64-musl@npm:4.2.1"
  conditions: os=linux & cpu=x64 & libc=musl
  languageName: node
  linkType: hard

"@tailwindcss/oxide-wasm32-wasi@npm:4.2.1":
  version: 4.2.1
  resolution: "@tailwindcss/oxide-wasm32-wasi@npm:4.2.1"
  dependencies:
    "@emnapi/core": "npm:^1.8.1"
    "@emnapi/runtime": "npm:^1.8.1"
    "@emnapi/wasi-threads": "npm:^1.1.0"
    "@napi-rs/wasm-runtime": "npm:^1.1.1"
    "@tybys/wasm-util": "npm:^0.10.1"
    tslib: "npm:^2.8.1"
  conditions: cpu=wasm32
  languageName: node
  linkType: hard

"@tailwindcss/oxide-win32-arm64-msvc@npm:4.2.1":
  version: 4.2.1
  resolution: "@tailwindcss/oxide-win32-arm64-msvc@npm:4.2.1"
  conditions: os=win32 & cpu=arm64
  languageName: node
  linkType: hard

"@tailwindcss/oxide-win32-x64-msvc@npm:4.2.1":
  version: 4.2.1
  resolution: "@tailwindcss/oxide-win32-x64-msvc@npm:4.2.1"
  conditions: os=win32 & cpu=x64
  languageName: node
  linkType: hard

"@tailwindcss/oxide@npm:4.2.1":
  version: 4.2.1
  resolution: "@tailwindcss/oxide@npm:4.2.1"
  dependencies:
    "@tailwindcss/oxide-android-arm64": "npm:4.2.1"
    "@tailwindcss/oxide-darwin-arm64": "npm:4.2.1"
    "@tailwindcss/oxide-darwin-x64": "npm:4.2.1"
    "@tailwindcss/oxide-freebsd-x64": "npm:4.2.1"
    "@tailwindcss/oxide-linux-arm-gnueabihf": "npm:4.2.1"
    "@tailwindcss/oxide-linux-arm64-gnu": "npm:4.2.1"
    "@tailwindcss/oxide-linux-arm64-musl": "npm:4.2.1"
    "@tailwindcss/oxide-linux-x64-gnu": "npm:4.2.1"
    "@tailwindcss/oxide-linux-x64-musl": "npm:4.2.1"
    "@tailwindcss/oxide-wasm32-wasi": "npm:4.2.1"
    "@tailwindcss/oxide-win32-arm64-msvc": "npm:4.2.1"
    "@tailwindcss/oxide-win32-x64-msvc": "npm:4.2.1"
  dependenciesMeta:
    "@tailwindcss/oxide-android-arm64":
      optional: true
    "@tailwindcss/oxide-darwin-arm64":
      optional: true
    "@tailwindcss/oxide-darwin-x64":
      optional: true
    "@tailwindcss/oxide-freebsd-x64":
      optional: true
    "@tailwindcss/oxide-linux-arm-gnueabihf":
      optional: true
    "@tailwindcss/oxide-linux-arm64-gnu":
      optional: true
    "@tailwindcss/oxide-linux-arm64-musl":
      optional: true
    "@tailwindcss/oxide-linux-x64-gnu":
      optional: true
    "@tailwindcss/oxide-linux-x64-musl":
      optional: true
    "@tailwindcss/oxide-wasm32-wasi":
      optional: true
    "@tailwindcss/oxide-win32-arm64-msvc":
      optional: true
    "@tailwindcss/oxide-win32-x64-msvc":
      optional: true
  checksum: 10c0/4f9bfa40cde6925eed1759caf857831779a834a1b8776cc7df5bb48a279b7dcd2e761a31ffbd297d135a64b58f25e092d7c781c06cf44667746f7e5a5a3e0183
  languageName: node
  linkType: hard

"@tailwindcss/postcss@npm:^4.2.1":
  version: 4.2.1
  resolution: "@tailwindcss/postcss@npm:4.2.1"
  dependencies:
    "@alloc/quick-lru": "npm:^5.2.0"
    "@tailwindcss/node": "npm:4.2.1"
    "@tailwindcss/oxide": "npm:4.2.1"
    postcss: "npm:^8.5.6"
    tailwindcss: "npm:4.2.1"
  checksum: 10c0/c9869a10c284241b2e51ba25750ae711d1ac3187356093c3a047eb8139124e73412036de7a11ad5c145360a312dcdebde59849f6d65e6296cba525186a8243f6
  languageName: node
  linkType: hard

"@tybys/wasm-util@npm:^0.10.1":
  version: 0.10.1
  resolution: "@tybys/wasm-util@npm:0.10.1"
  dependencies:
    tslib: "npm:^2.4.0"
  checksum: 10c0/b255094f293794c6d2289300c5fbcafbb5532a3aed3a5ffd2f8dc1828e639b88d75f6a376dd8f94347a44813fd7a7149d8463477a9a49525c8b2dcaa38c2d1e8
  languageName: node
  linkType: hard

"@types/node@npm:^25.4.0":
  version: 25.4.0
  resolution: "@types/node@npm:25.4.0"
  dependencies:
    undici-types: "npm:~7.18.0"
  checksum: 10c0/da81e8b0a3a57964b1b5f85d134bfefc1b923fd67ed41756842348a049d7915b72e8773f5598d6929b9cb8119c2427993c55d364fd93bd572a3450e58b98a60e
  languageName: node
  linkType: hard

"@types/react-dom@npm:^19.2.3":
  version: 19.2.3
  resolution: "@types/react-dom@npm:19.2.3"
  peerDependencies:
    "@types/react": ^19.2.0
  checksum: 10c0/b486ebe0f4e2fb35e2e108df1d8fc0927ca5d6002d5771e8a739de11239fe62d0e207c50886185253c99eb9dedfeeb956ea7429e5ba17f6693c7acb4c02f8cd1
  languageName: node
  linkType: hard

"@types/react@npm:^19.2.14":
  version: 19.2.14
  resolution: "@types/react@npm:19.2.14"
  dependencies:
    csstype: "npm:^3.2.2"
  checksum: 10c0/7d25bf41b57719452d86d2ac0570b659210402707313a36ee612666bf11275a1c69824f8c3ee1fdca077ccfe15452f6da8f1224529b917050eb2d861e52b59b7
  languageName: node
  linkType: hard

"@upstash/redis@npm:^1.36.4":
  version: 1.36.4
  resolution: "@upstash/redis@npm:1.36.4"
  dependencies:
    uncrypto: "npm:^0.1.3"
  checksum: 10c0/ca471c29e60f3e9d1a52ef500999c50a65db52ea8c1d09a7d055cde0316be2764a792f835f44630b7c175a64a11d2758f7ca515b79317fff17fd1d32e5fcf4d4
  languageName: node
  linkType: hard

"@vercel/analytics@npm:^1.6.1":
  version: 1.6.1
  resolution: "@vercel/analytics@npm:1.6.1"
  peerDependencies:
    "@remix-run/react": ^2
    "@sveltejs/kit": ^1 || ^2
    next: ">= 13"
    react: ^18 || ^19 || ^19.0.0-rc
    svelte: ">= 4"
    vue: ^3
    vue-router: ^4
  peerDependenciesMeta:
    "@remix-run/react":
      optional: true
    "@sveltejs/kit":
      optional: true
    next:
      optional: true
    react:
      optional: true
    svelte:
      optional: true
    vue:
      optional: true
    vue-router:
      optional: true
  checksum: 10c0/df39ec419299b43350ad80a06fe835502f22f71c32d21d58855ac39ef352d3478b8922e44375dbc5b0c02ceae04a9d23b32579eb517a602656f6460c90f5802a
  languageName: node
  linkType: hard

"@vercel/speed-insights@npm:^1.3.1":
  version: 1.3.1
  resolution: "@vercel/speed-insights@npm:1.3.1"
  peerDependencies:
    "@sveltejs/kit": ^1 || ^2
    next: ">= 13"
    react: ^18 || ^19 || ^19.0.0-rc
    svelte: ">= 4"
    vue: ^3
    vue-router: ^4
  peerDependenciesMeta:
    "@sveltejs/kit":
      optional: true
    next:
      optional: true
    react:
      optional: true
    svelte:
      optional: true
    vue:
      optional: true
    vue-router:
      optional: true
  checksum: 10c0/37b943cfd52ec3a62e8ba4bcdce6a9e4251294a6196c5d069b4b1bc79529b0f6765c3142c7bb0c0478efbb83b261c3221180566327d867a58628a713484afb79
  languageName: node
  linkType: hard

"babel-plugin-react-compiler@npm:^1.0.0":
  version: 1.0.0
  resolution: "babel-plugin-react-compiler@npm:1.0.0"
  dependencies:
    "@babel/types": "npm:^7.26.0"
  checksum: 10c0/9406267ada8d7dbdfe8906b40ecadb816a5f4cee2922bee23f7729293b369624ee135b5a9b0f263851c263c9787522ac5d97016c9a2b82d1668300e42b18aff8
  languageName: node
  linkType: hard

"baseline-browser-mapping@npm:^2.8.3":
  version: 2.10.0
  resolution: "baseline-browser-mapping@npm:2.10.0"
  bin:
    baseline-browser-mapping: dist/cli.cjs
  checksum: 10c0/da9c3ec0fcd7f325226a47d2142794d41706b6e0a405718a2c15410bbdb72aacadd65738bedef558c6f1b106ed19458cb25b06f63b66df2c284799905dbbd003
  languageName: node
  linkType: hard

"caniuse-lite@npm:^1.0.30001579":
  version: 1.0.30001777
  resolution: "caniuse-lite@npm:1.0.30001777"
  checksum: 10c0/e35443fa7c470edc06e315297cca706790840e96983fff12dfe502a4b123d6e4a64b9b4e8e35fb2f5bb60c31b24fbda93d76b2f700ce183df474671236fa7a4a
  languageName: node
  linkType: hard

"client-only@npm:0.0.1":
  version: 0.0.1
  resolution: "client-only@npm:0.0.1"
  checksum: 10c0/9d6cfd0c19e1c96a434605added99dff48482152af791ec4172fb912a71cff9027ff174efd8cdb2160cc7f377543e0537ffc462d4f279bc4701de3f2a3c4b358
  languageName: node
  linkType: hard

"csstype@npm:^3.2.2":
  version: 3.2.3
  resolution: "csstype@npm:3.2.3"
  checksum: 10c0/cd29c51e70fa822f1cecd8641a1445bed7063697469d35633b516e60fe8c1bde04b08f6c5b6022136bb669b64c63d4173af54864510fbb4ee23281801841a3ce
  languageName: node
  linkType: hard

"detect-libc@npm:^2.0.3, detect-libc@npm:^2.1.2":
  version: 2.1.2
  resolution: "detect-libc@npm:2.1.2"
  checksum: 10c0/acc675c29a5649fa1fb6e255f993b8ee829e510b6b56b0910666949c80c364738833417d0edb5f90e4e46be17228b0f2b66a010513984e18b15deeeac49369c4
  languageName: node
  linkType: hard

"enhanced-resolve@npm:^5.19.0":
  version: 5.20.0
  resolution: "enhanced-resolve@npm:5.20.0"
  dependencies:
    graceful-fs: "npm:^4.2.4"
    tapable: "npm:^2.3.0"
  checksum: 10c0/4ed5f38406fc9ad74c58a3d63b8215862243ab0ed6b0efc51ccdb72cdcedd3ac8638abe298680b279d7a83c3cb140e5eea7a5f8bd99696c74588f07ad89a95a7
  languageName: node
  linkType: hard

"graceful-fs@npm:^4.2.4":
  version: 4.2.11
  resolution: "graceful-fs@npm:4.2.11"
  checksum: 10c0/386d011a553e02bc594ac2ca0bd6d9e4c22d7fa8cfbfc448a6d148c59ea881b092db9dbe3547ae4b88e55f1b01f7c4a2ecc53b310c042793e63aa44cf6c257f2
  languageName: node
  linkType: hard

"jiti@npm:^2.6.1":
  version: 2.6.1
  resolution: "jiti@npm:2.6.1"
  bin:
    jiti: lib/jiti-cli.mjs
  checksum: 10c0/79b2e96a8e623f66c1b703b98ec1b8be4500e1d217e09b09e343471bbb9c105381b83edbb979d01cef18318cc45ce6e153571b6c83122170eefa531c64b6789b
  languageName: node
  linkType: hard

"lightningcss-android-arm64@npm:1.31.1":
  version: 1.31.1
  resolution: "lightningcss-android-arm64@npm:1.31.1"
  conditions: os=android & cpu=arm64
  languageName: node
  linkType: hard

"lightningcss-darwin-arm64@npm:1.31.1":
  version: 1.31.1
  resolution: "lightningcss-darwin-arm64@npm:1.31.1"
  conditions: os=darwin & cpu=arm64
  languageName: node
  linkType: hard

"lightningcss-darwin-x64@npm:1.31.1":
  version: 1.31.1
  resolution: "lightningcss-darwin-x64@npm:1.31.1"
  conditions: os=darwin & cpu=x64
  languageName: node
  linkType: hard

"lightningcss-freebsd-x64@npm:1.31.1":
  version: 1.31.1
  resolution: "lightningcss-freebsd-x64@npm:1.31.1"
  conditions: os=freebsd & cpu=x64
  languageName: node
  linkType: hard

"lightningcss-linux-arm-gnueabihf@npm:1.31.1":
  version: 1.31.1
  resolution: "lightningcss-linux-arm-gnueabihf@npm:1.31.1"
  conditions: os=linux & cpu=arm
  languageName: node
  linkType: hard

"lightningcss-linux-arm64-gnu@npm:1.31.1":
  version: 1.31.1
  resolution: "lightningcss-linux-arm64-gnu@npm:1.31.1"
  conditions: os=linux & cpu=arm64 & libc=glibc
  languageName: node
  linkType: hard

"lightningcss-linux-arm64-musl@npm:1.31.1":
  version: 1.31.1
  resolution: "lightningcss-linux-arm64-musl@npm:1.31.1"
  conditions: os=linux & cpu=arm64 & libc=musl
  languageName: node
  linkType: hard

"lightningcss-linux-x64-gnu@npm:1.31.1":
  version: 1.31.1
  resolution: "lightningcss-linux-x64-gnu@npm:1.31.1"
  conditions: os=linux & cpu=x64 & libc=glibc
  languageName: node
  linkType: hard

"lightningcss-linux-x64-musl@npm:1.31.1":
  version: 1.31.1
  resolution: "lightningcss-linux-x64-musl@npm:1.31.1"
  conditions: os=linux & cpu=x64 & libc=musl
  languageName: node
  linkType: hard

"lightningcss-win32-arm64-msvc@npm:1.31.1":
  version: 1.31.1
  resolution: "lightningcss-win32-arm64-msvc@npm:1.31.1"
  conditions: os=win32 & cpu=arm64
  languageName: node
  linkType: hard

"lightningcss-win32-x64-msvc@npm:1.31.1":
  version: 1.31.1
  resolution: "lightningcss-win32-x64-msvc@npm:1.31.1"
  conditions: os=win32 & cpu=x64
  languageName: node
  linkType: hard

"lightningcss@npm:1.31.1":
  version: 1.31.1
  resolution: "lightningcss@npm:1.31.1"
  dependencies:
    detect-libc: "npm:^2.0.3"
    lightningcss-android-arm64: "npm:1.31.1"
    lightningcss-darwin-arm64: "npm:1.31.1"
    lightningcss-darwin-x64: "npm:1.31.1"
    lightningcss-freebsd-x64: "npm:1.31.1"
    lightningcss-linux-arm-gnueabihf: "npm:1.31.1"
    lightningcss-linux-arm64-gnu: "npm:1.31.1"
    lightningcss-linux-arm64-musl: "npm:1.31.1"
    lightningcss-linux-x64-gnu: "npm:1.31.1"
    lightningcss-linux-x64-musl: "npm:1.31.1"
    lightningcss-win32-arm64-msvc: "npm:1.31.1"
    lightningcss-win32-x64-msvc: "npm:1.31.1"
  dependenciesMeta:
    lightningcss-android-arm64:
      optional: true
    lightningcss-darwin-arm64:
      optional: true
    lightningcss-darwin-x64:
      optional: true
    lightningcss-freebsd-x64:
      optional: true
    lightningcss-linux-arm-gnueabihf:
      optional: true
    lightningcss-linux-arm64-gnu:
      optional: true
    lightningcss-linux-arm64-musl:
      optional: true
    lightningcss-linux-x64-gnu:
      optional: true
    lightningcss-linux-x64-musl:
      optional: true
    lightningcss-win32-arm64-msvc:
      optional: true
    lightningcss-win32-x64-msvc:
      optional: true
  checksum: 10c0/c6754b305d4a73652e472fc0d7d65384a6e16c336ea61068eca60de2a45bd5c30abbf012358b82eac56ee98b5d88028932cda5268ff61967cffa400b9e7ee2ba
  languageName: node
  linkType: hard

"lilconfig@npm:^3.1.1":
  version: 3.1.3
  resolution: "lilconfig@npm:3.1.3"
  checksum: 10c0/f5604e7240c5c275743561442fbc5abf2a84ad94da0f5adc71d25e31fa8483048de3dcedcb7a44112a942fed305fd75841cdf6c9681c7f640c63f1049e9a5dcc
  languageName: node
  linkType: hard

"magic-string@npm:^0.30.21":
  version: 0.30.21
  resolution: "magic-string@npm:0.30.21"
  dependencies:
    "@jridgewell/sourcemap-codec": "npm:^1.5.5"
  checksum: 10c0/299378e38f9a270069fc62358522ddfb44e94244baa0d6a8980ab2a9b2490a1d03b236b447eee309e17eb3bddfa482c61259d47960eb018a904f0ded52780c4a
  languageName: node
  linkType: hard

"nanoid@npm:^3.3.11, nanoid@npm:^3.3.6":
  version: 3.3.11
  resolution: "nanoid@npm:3.3.11"
  bin:
    nanoid: bin/nanoid.cjs
  checksum: 10c0/40e7f70b3d15f725ca072dfc4f74e81fcf1fbb02e491cf58ac0c79093adc9b0a73b152bcde57df4b79cd097e13023d7504acb38404a4da7bc1cd8e887b82fe0b
  languageName: node
  linkType: hard

"next@npm:^16.1.6":
  version: 16.1.6
  resolution: "next@npm:16.1.6"
  dependencies:
    "@next/env": "npm:16.1.6"
    "@next/swc-darwin-arm64": "npm:16.1.6"
    "@next/swc-darwin-x64": "npm:16.1.6"
    "@next/swc-linux-arm64-gnu": "npm:16.1.6"
    "@next/swc-linux-arm64-musl": "npm:16.1.6"
    "@next/swc-linux-x64-gnu": "npm:16.1.6"
    "@next/swc-linux-x64-musl": "npm:16.1.6"
    "@next/swc-win32-arm64-msvc": "npm:16.1.6"
    "@next/swc-win32-x64-msvc": "npm:16.1.6"
    "@swc/helpers": "npm:0.5.15"
    baseline-browser-mapping: "npm:^2.8.3"
    caniuse-lite: "npm:^1.0.30001579"
    postcss: "npm:8.4.31"
    sharp: "npm:^0.34.4"
    styled-jsx: "npm:5.1.6"
  peerDependencies:
    "@opentelemetry/api": ^1.1.0
    "@playwright/test": ^1.51.1
    babel-plugin-react-compiler: "*"
    react: ^18.2.0 || 19.0.0-rc-de68d2f4-20241204 || ^19.0.0
    react-dom: ^18.2.0 || 19.0.0-rc-de68d2f4-20241204 || ^19.0.0
    sass: ^1.3.0
  dependenciesMeta:
    "@next/swc-darwin-arm64":
      optional: true
    "@next/swc-darwin-x64":
      optional: true
    "@next/swc-linux-arm64-gnu":
      optional: true
    "@next/swc-linux-arm64-musl":
      optional: true
    "@next/swc-linux-x64-gnu":
      optional: true
    "@next/swc-linux-x64-musl":
      optional: true
    "@next/swc-win32-arm64-msvc":
      optional: true
    "@next/swc-win32-x64-msvc":
      optional: true
    sharp:
      optional: true
  peerDependenciesMeta:
    "@opentelemetry/api":
      optional: true
    "@playwright/test":
      optional: true
    babel-plugin-react-compiler:
      optional: true
    sass:
      optional: true
  bin:
    next: dist/bin/next
  checksum: 10c0/543766bf879bb5a5d454dc18cb302953270a92efba1d01dd028ea83c64b69573ce7d6e6c3759ecbaabec0a84131b0237263c24d1ccd7c8a97205e776dcd34e0b
  languageName: node
  linkType: hard

"picocolors@npm:^1.0.0, picocolors@npm:^1.1.1":
  version: 1.1.1
  resolution: "picocolors@npm:1.1.1"
  checksum: 10c0/e2e3e8170ab9d7c7421969adaa7e1b31434f789afb9b3f115f6b96d91945041ac3ceb02e9ec6fe6510ff036bcc0bf91e69a1772edc0b707e12b19c0f2d6bcf58
  languageName: node
  linkType: hard

"postcss-load-config@npm:^6.0.1":
  version: 6.0.1
  resolution: "postcss-load-config@npm:6.0.1"
  dependencies:
    lilconfig: "npm:^3.1.1"
  peerDependencies:
    jiti: ">=1.21.0"
    postcss: ">=8.0.9"
    tsx: ^4.8.1
    yaml: ^2.4.2
  peerDependenciesMeta:
    jiti:
      optional: true
    postcss:
      optional: true
    tsx:
      optional: true
    yaml:
      optional: true
  checksum: 10c0/74173a58816dac84e44853f7afbd283f4ef13ca0b6baeba27701214beec33f9e309b128f8102e2b173e8d45ecba45d279a9be94b46bf48d219626aa9b5730848
  languageName: node
  linkType: hard

"postcss@npm:8.4.31":
  version: 8.4.31
  resolution: "postcss@npm:8.4.31"
  dependencies:
    nanoid: "npm:^3.3.6"
    picocolors: "npm:^1.0.0"
    source-map-js: "npm:^1.0.2"
  checksum: 10c0/748b82e6e5fc34034dcf2ae88ea3d11fd09f69b6c50ecdd3b4a875cfc7cdca435c958b211e2cb52355422ab6fccb7d8f2f2923161d7a1b281029e4a913d59acf
  languageName: node
  linkType: hard

"postcss@npm:^8.5.6, postcss@npm:^8.5.8":
  version: 8.5.8
  resolution: "postcss@npm:8.5.8"
  dependencies:
    nanoid: "npm:^3.3.11"
    picocolors: "npm:^1.1.1"
    source-map-js: "npm:^1.2.1"
  checksum: 10c0/dd918f7127ee7c60a0295bae2e72b3787892296e1d1c3c564d7a2a00c68d8df83cadc3178491259daa19ccc54804fb71ed8c937c6787e08d8bd4bedf8d17044c
  languageName: node
  linkType: hard

"react-dom@npm:^19.2.4":
  version: 19.2.4
  resolution: "react-dom@npm:19.2.4"
  dependencies:
    scheduler: "npm:^0.27.0"
  peerDependencies:
    react: ^19.2.4
  checksum: 10c0/f0c63f1794dedb154136d4d0f59af00b41907f4859571c155940296808f4b94bf9c0c20633db75b5b2112ec13d8d7dd4f9bf57362ed48782f317b11d05a44f35
  languageName: node
  linkType: hard

"react@npm:^19.2.4":
  version: 19.2.4
  resolution: "react@npm:19.2.4"
  checksum: 10c0/cd2c9ff67a720799cc3b38a516009986f7fc4cb8d3e15716c6211cf098d1357ee3e348ab05ad0600042bbb0fd888530ba92e329198c92eafa0994f5213396596
  languageName: node
  linkType: hard

"scheduler@npm:^0.27.0":
  version: 0.27.0
  resolution: "scheduler@npm:0.27.0"
  checksum: 10c0/4f03048cb05a3c8fddc45813052251eca00688f413a3cee236d984a161da28db28ba71bd11e7a3dd02f7af84ab28d39fb311431d3b3772fed557945beb00c452
  languageName: node
  linkType: hard

"semver@npm:^7.7.3":
  version: 7.7.4
  resolution: "semver@npm:7.7.4"
  bin:
    semver: bin/semver.js
  checksum: 10c0/5215ad0234e2845d4ea5bb9d836d42b03499546ddafb12075566899fc617f68794bb6f146076b6881d755de17d6c6cc73372555879ec7dce2c2feee947866ad2
  languageName: node
  linkType: hard

"sharp@npm:^0.34.4":
  version: 0.34.5
  resolution: "sharp@npm:0.34.5"
  dependencies:
    "@img/colour": "npm:^1.0.0"
    "@img/sharp-darwin-arm64": "npm:0.34.5"
    "@img/sharp-darwin-x64": "npm:0.34.5"
    "@img/sharp-libvips-darwin-arm64": "npm:1.2.4"
    "@img/sharp-libvips-darwin-x64": "npm:1.2.4"
    "@img/sharp-libvips-linux-arm": "npm:1.2.4"
    "@img/sharp-libvips-linux-arm64": "npm:1.2.4"
    "@img/sharp-libvips-linux-ppc64": "npm:1.2.4"
    "@img/sharp-libvips-linux-riscv64": "npm:1.2.4"
    "@img/sharp-libvips-linux-s390x": "npm:1.2.4"
    "@img/sharp-libvips-linux-x64": "npm:1.2.4"
    "@img/sharp-libvips-linuxmusl-arm64": "npm:1.2.4"
    "@img/sharp-libvips-linuxmusl-x64": "npm:1.2.4"
    "@img/sharp-linux-arm": "npm:0.34.5"
    "@img/sharp-linux-arm64": "npm:0.34.5"
    "@img/sharp-linux-ppc64": "npm:0.34.5"
    "@img/sharp-linux-riscv64": "npm:0.34.5"
    "@img/sharp-linux-s390x": "npm:0.34.5"
    "@img/sharp-linux-x64": "npm:0.34.5"
    "@img/sharp-linuxmusl-arm64": "npm:0.34.5"
    "@img/sharp-linuxmusl-x64": "npm:0.34.5"
    "@img/sharp-wasm32": "npm:0.34.5"
    "@img/sharp-win32-arm64": "npm:0.34.5"
    "@img/sharp-win32-ia32": "npm:0.34.5"
    "@img/sharp-win32-x64": "npm:0.34.5"
    detect-libc: "npm:^2.1.2"
    semver: "npm:^7.7.3"
  dependenciesMeta:
    "@img/sharp-darwin-arm64":
      optional: true
    "@img/sharp-darwin-x64":
      optional: true
    "@img/sharp-libvips-darwin-arm64":
      optional: true
    "@img/sharp-libvips-darwin-x64":
      optional: true
    "@img/sharp-libvips-linux-arm":
      optional: true
    "@img/sharp-libvips-linux-arm64":
      optional: true
    "@img/sharp-libvips-linux-ppc64":
      optional: true
    "@img/sharp-libvips-linux-riscv64":
      optional: true
    "@img/sharp-libvips-linux-s390x":
      optional: true
    "@img/sharp-libvips-linux-x64":
      optional: true
    "@img/sharp-libvips-linuxmusl-arm64":
      optional: true
    "@img/sharp-libvips-linuxmusl-x64":
      optional: true
    "@img/sharp-linux-arm":
      optional: true
    "@img/sharp-linux-arm64":
      optional: true
    "@img/sharp-linux-ppc64":
      optional: true
    "@img/sharp-linux-riscv64":
      optional: true
    "@img/sharp-linux-s390x":
      optional: true
    "@img/sharp-linux-x64":
      optional: true
    "@img/sharp-linuxmusl-arm64":
      optional: true
    "@img/sharp-linuxmusl-x64":
      optional: true
    "@img/sharp-wasm32":
      optional: true
    "@img/sharp-win32-arm64":
      optional: true
    "@img/sharp-win32-ia32":
      optional: true
    "@img/sharp-win32-x64":
      optional: true
  checksum: 10c0/fd79e29df0597a7d5704b8461c51f944ead91a5243691697be6e8243b966402beda53ddc6f0a53b96ea3cb8221f0b244aa588114d3ebf8734fb4aefd41ab802f
  languageName: node
  linkType: hard

"source-map-js@npm:^1.0.2, source-map-js@npm:^1.2.1":
  version: 1.2.1
  resolution: "source-map-js@npm:1.2.1"
  checksum: 10c0/7bda1fc4c197e3c6ff17de1b8b2c20e60af81b63a52cb32ec5a5d67a20a7d42651e2cb34ebe93833c5a2a084377e17455854fee3e21e7925c64a51b6a52b0faf
  languageName: node
  linkType: hard

"styled-jsx@npm:5.1.6":
  version: 5.1.6
  resolution: "styled-jsx@npm:5.1.6"
  dependencies:
    client-only: "npm:0.0.1"
  peerDependencies:
    react: ">= 16.8.0 || 17.x.x || ^18.0.0-0 || ^19.0.0-0"
  peerDependenciesMeta:
    "@babel/core":
      optional: true
    babel-plugin-macros:
      optional: true
  checksum: 10c0/ace50e7ea5ae5ae6a3b65a50994c51fca6ae7df9c7ecfd0104c36be0b4b3a9c5c1a2374d16e2a11e256d0b20be6d47256d768ecb4f91ab390f60752a075780f5
  languageName: node
  linkType: hard

"tailwindcss@npm:4.2.1, tailwindcss@npm:^4.2.1":
  version: 4.2.1
  resolution: "tailwindcss@npm:4.2.1"
  checksum: 10c0/482d734b582e9da509042ff59c1d7564d99e39e238c50ae907c20fa56177a8a00c3902f6971329971bd6a1c5357026ac76a849b8f2c69c94f0f59be99530ba54
  languageName: node
  linkType: hard

"tapable@npm:^2.3.0":
  version: 2.3.0
  resolution: "tapable@npm:2.3.0"
  checksum: 10c0/cb9d67cc2c6a74dedc812ef3085d9d681edd2c1fa18e4aef57a3c0605fdbe44e6b8ea00bd9ef21bc74dd45314e39d31227aa031ebf2f5e38164df514136f2681
  languageName: node
  linkType: hard

"tslib@npm:^2.4.0, tslib@npm:^2.8.0, tslib@npm:^2.8.1":
  version: 2.8.1
  resolution: "tslib@npm:2.8.1"
  checksum: 10c0/9c4759110a19c53f992d9aae23aac5ced636e99887b51b9e61def52611732872ff7668757d4e4c61f19691e36f4da981cd9485e869b4a7408d689f6bf1f14e62
  languageName: node
  linkType: hard

"typescript@npm:^5.9.3":
  version: 5.9.3
  resolution: "typescript@npm:5.9.3"
  bin:
    tsc: bin/tsc
    tsserver: bin/tsserver
  checksum: 10c0/6bd7552ce39f97e711db5aa048f6f9995b53f1c52f7d8667c1abdc1700c68a76a308f579cd309ce6b53646deb4e9a1be7c813a93baaf0a28ccd536a30270e1c5
  languageName: node
  linkType: hard

"typescript@patch:typescript@npm%3A^5.9.3#optional!builtin<compat/typescript>":
  version: 5.9.3
  resolution: "typescript@patch:typescript@npm%3A5.9.3#optional!builtin<compat/typescript>::version=5.9.3&hash=5786d5"
  bin:
    tsc: bin/tsc
    tsserver: bin/tsserver
  checksum: 10c0/ad09fdf7a756814dce65bc60c1657b40d44451346858eea230e10f2e95a289d9183b6e32e5c11e95acc0ccc214b4f36289dcad4bf1886b0adb84d711d336a430
  languageName: node
  linkType: hard

"uncrypto@npm:^0.1.3":
  version: 0.1.3
  resolution: "uncrypto@npm:0.1.3"
  checksum: 10c0/74a29afefd76d5b77bedc983559ceb33f5bbc8dada84ff33755d1e3355da55a4e03a10e7ce717918c436b4dfafde1782e799ebaf2aadd775612b49f7b5b2998e
  languageName: node
  linkType: hard

"undici-types@npm:~7.18.0":
  version: 7.18.2
  resolution: "undici-types@npm:7.18.2"
  checksum: 10c0/85a79189113a238959d7a647368e4f7c5559c3a404ebdb8fc4488145ce9426fcd82252a844a302798dfc0e37e6fb178ff481ed03bc4caf634c5757d9ef43521d
  languageName: node
  linkType: hard

"www.sid.fyi@workspace:.":
  version: 0.0.0-use.local
  resolution: "www.sid.fyi@workspace:."
  dependencies:
    "@biomejs/biome": "npm:2.4.6"
    "@notionhq/client": "npm:^5.12.0"
    "@tailwindcss/postcss": "npm:^4.2.1"
    "@types/node": "npm:^25.4.0"
    "@types/react": "npm:^19.2.14"
    "@types/react-dom": "npm:^19.2.3"
    "@upstash/redis": "npm:^1.36.4"
    "@vercel/analytics": "npm:^1.6.1"
    "@vercel/speed-insights": "npm:^1.3.1"
    babel-plugin-react-compiler: "npm:^1.0.0"
    next: "npm:^16.1.6"
    postcss: "npm:^8.5.8"
    postcss-load-config: "npm:^6.0.1"
    react: "npm:^19.2.4"
    react-dom: "npm:^19.2.4"
    tailwindcss: "npm:^4.2.1"
    typescript: "npm:^5.9.3"
  languageName: unknown
  linkType: soft
